<?xml version="1.0" encoding="utf-8"?>
<Project ToolsVersion="4.0" xmlns="http://schemas.microsoft.com/developer/msbuild/2003">
  <ItemGroup>
    <Filter Include="Source Files">
      <UniqueIdentifier>{4FC737F1-C7A5-4376-A066-2A32D752A2FF}</UniqueIdentifier>
      <Extensions>cpp;c;cc;cxx;def;odl;idl;hpj;bat;asm;asmx</Extensions>
    </Filter>
    <Filter Include="Header Files">
      <UniqueIdentifier>{93995380-89BD-4b04-88EB-625FBE52EBFB}</UniqueIdentifier>
      <Extensions>h;hpp;hxx;hm;inl;inc;xsd</Extensions>
    </Filter>
    <Filter Include="Resource Files">
      <UniqueIdentifier>{67DA6AB6-F800-4c08-8B7A-83BB121AAD01}</UniqueIdentifier>
      <Extensions>rc;ico;cur;bmp;dlg;rc2;rct;bin;rgs;gif;jpg;jpeg;jpe;resx;tiff;tif;png;wav</Extensions>
    </Filter>
    <Filter Include="Source Files\shaders">
      <UniqueIdentifier>{66574eb4-c198-411a-8cad-647cd64968e1}</UniqueIdentifier>
    </Filter>
    <Filter Include="Source Files\blocks">
      <UniqueIdentifier>{da9a95b6-9107-40d1-8cc0-3986d920b675}</UniqueIdentifier>
    </Filter>
    <Filter Include="Source Files\blocks\Cinder-DSAPI">
      <UniqueIdentifier>{a73490d2-fc3f-44d1-9319-d467a2f05100}</UniqueIdentifier>
    </Filter>
  </ItemGroup>
  <ItemGroup>
    <ClCompile Include="..\src\SpringApp.cpp">
      <Filter>Source Files</Filter>
    </ClCompile>
    <ClCompile Include="..\src\SpringApp.cpp">
      <Filter>Source Files</Filter>
    </ClCompile>
    <ClInclude Include="..\include\Resources.h">
      <Filter>Header Files</Filter>
    </ClInclude>
    <ClCompile Include="..\..\..\..\..\..\libs\CinderBlocks\blocks\Cinder-DSAPI\src\CiDSAPI.cpp">
      <Filter>Source Files\blocks\Cinder-DSAPI</Filter>
    </ClCompile>
  </ItemGroup>
  <ItemGroup>
    <ClInclude Include="..\include\Resources.h">
      <Filter>Header Files</Filter>
    </ClInclude>
    <ClInclude Include="..\..\..\..\..\..\libs\CinderBlocks\blocks\Cinder-DSAPI\src\CiDSAPI.h">
      <Filter>Source Files\blocks\Cinder-DSAPI</Filter>
    </ClInclude>
  </ItemGroup>
  <ItemGroup>
    <ResourceCompile Include="Resources.rc">
      <Filter>Resource Files</Filter>
    </ResourceCompile>
  </ItemGroup>
  <ItemGroup>
    <None Include="..\assets\cloud.frag">
      <Filter>Source Files\shaders</Filter>
    </None>
    <None Include="..\assets\cloud.vert">
      <Filter>Source Files\shaders</Filter>
    </None>
    <None Include="..\assets\skybox.frag">
      <Filter>Source Files\shaders</Filter>
    </None>
    <None Include="..\assets\skybox.vert">
      <Filter>Source Files\shaders</Filter>
    </None>
  </ItemGroup>
</Project>