<?xml version="1.0" encoding="utf-8"?>
<Project ToolsVersion="4.0" xmlns="http://schemas.microsoft.com/developer/msbuild/2003">
  <ItemGroup>
    <Filter Include="Source Files">
      <UniqueIdentifier>{4FC737F1-C7A5-4376-A066-2A32D752A2FF}</UniqueIdentifier>
      <Extensions>cpp;c;cc;cxx;def;odl;idl;hpj;bat;asm;asmx</Extensions>
    </Filter>
    <Filter Include="Header Files">
      <UniqueIdentifier>{93995380-89BD-4b04-88EB-625FBE52EBFB}</UniqueIdentifier>
      <Extensions>h;hpp;hxx;hm;inl;inc;xsd</Extensions>
    </Filter>
    <Filter Include="Resource Files">
      <UniqueIdentifier>{67DA6AB6-F800-4c08-8B7A-83BB121AAD01}</UniqueIdentifier>
      <Extensions>rc;ico;cur;bmp;dlg;rc2;rct;bin;rgs;gif;jpg;jpeg;jpe;resx;tiff;tif;png;wav</Extensions>
    </Filter>
    <Filter Include="Source Files\blocks">
      <UniqueIdentifier>{7ef1f72b-31f8-4940-b914-1cabff4b231b}</UniqueIdentifier>
    </Filter>
    <Filter Include="Source Files\blocks\Cinder-DSAPI">
      <UniqueIdentifier>{198c0ef3-49aa-44a9-a57c-c8074c5cb852}</UniqueIdentifier>
    </Filter>
    <Filter Include="Source Files\shaders">
      <UniqueIdentifier>{f42c1abf-9566-48c1-98ba-439406363b8b}</UniqueIdentifier>
    </Filter>
    <Filter Include="Source Files\blocks\Cinder-Bullet3D">
      <UniqueIdentifier>{e4af5c33-3b1e-4c77-a1a1-f5c9502c1168}</UniqueIdentifier>
    </Filter>
    <Filter Include="Source Files\blocks\Cinder-Bullet3D\BulletPhysics">
      <UniqueIdentifier>{30a0f8fd-f7ba-401e-834f-c1421f72e65e}</UniqueIdentifier>
    </Filter>
    <Filter Include="Source Files\blocks\Cinder-Bullet3D\Cinder-Bullet3D">
      <UniqueIdentifier>{11311d35-fa40-4012-aa4b-58785d7d2733}</UniqueIdentifier>
    </Filter>
    <Filter Include="Source Files\blocks\Cinder-Bullet3D\BulletPhysics\BulletCollision">
      <UniqueIdentifier>{62d90a25-14c1-454d-88dc-55595489c640}</UniqueIdentifier>
    </Filter>
    <Filter Include="Source Files\blocks\Cinder-Bullet3D\BulletPhysics\BulletDynamics">
      <UniqueIdentifier>{64e21686-24c4-4361-8860-6aad15965bf6}</UniqueIdentifier>
    </Filter>
    <Filter Include="Source Files\blocks\Cinder-Bullet3D\BulletPhysics\BulletSoftBody">
      <UniqueIdentifier>{c8afd792-1c76-4f35-a429-0b23097a827a}</UniqueIdentifier>
    </Filter>
    <Filter Include="Source Files\blocks\Cinder-Bullet3D\BulletPhysics\BulletCollision\BroadphaseCollision">
      <UniqueIdentifier>{7b27415f-33a1-465e-87fe-2f9d5cb88903}</UniqueIdentifier>
    </Filter>
    <Filter Include="Source Files\blocks\Cinder-Bullet3D\BulletPhysics\BulletCollision\CollisionDispatch">
      <UniqueIdentifier>{219adc69-ffcd-407f-86ba-498d9cab5d8a}</UniqueIdentifier>
    </Filter>
    <Filter Include="Source Files\blocks\Cinder-Bullet3D\BulletPhysics\BulletCollision\CollisionShapes">
      <UniqueIdentifier>{a50aafe6-9e56-4fec-bb32-c08620857123}</UniqueIdentifier>
    </Filter>
    <Filter Include="Source Files\blocks\Cinder-Bullet3D\BulletPhysics\BulletCollision\Gimpact">
      <UniqueIdentifier>{d39f50d8-3507-4f10-aa7f-fbe9c2fcde10}</UniqueIdentifier>
    </Filter>
    <Filter Include="Source Files\blocks\Cinder-Bullet3D\BulletPhysics\BulletCollision\NarrowPhaseCollision">
      <UniqueIdentifier>{e0fd5770-9900-4859-8391-530b607f3c26}</UniqueIdentifier>
    </Filter>
    <Filter Include="Source Files\blocks\Cinder-Bullet3D\BulletPhysics\BulletDynamics\Character">
      <UniqueIdentifier>{dc4bd370-508f-4e65-b87c-099fb1042c0b}</UniqueIdentifier>
    </Filter>
    <Filter Include="Source Files\blocks\Cinder-Bullet3D\BulletPhysics\BulletDynamics\ConstraintSolver">
      <UniqueIdentifier>{3294e380-0ebb-4742-8170-6dc5452aab96}</UniqueIdentifier>
    </Filter>
    <Filter Include="Source Files\blocks\Cinder-Bullet3D\BulletPhysics\BulletDynamics\Dynamics">
      <UniqueIdentifier>{f11a1e8b-4ec3-439b-b99a-7011a3834a43}</UniqueIdentifier>
    </Filter>
    <Filter Include="Source Files\blocks\Cinder-Bullet3D\BulletPhysics\BulletDynamics\Featherstone">
      <UniqueIdentifier>{53b139a9-f4ff-45e3-a5a2-bde413e0b907}</UniqueIdentifier>
    </Filter>
    <Filter Include="Source Files\blocks\Cinder-Bullet3D\BulletPhysics\BulletDynamics\MLCPSolvers">
      <UniqueIdentifier>{3e2f1459-672c-4251-a93e-7a825245873d}</UniqueIdentifier>
    </Filter>
    <Filter Include="Source Files\blocks\Cinder-Bullet3D\BulletPhysics\BulletDynamics\Vehicle">
      <UniqueIdentifier>{b8930ed7-97b6-44ff-b24a-46b876a70d70}</UniqueIdentifier>
    </Filter>
  </ItemGroup>
  <ItemGroup>
    <ClCompile Include="..\src\VisualizerApp.cpp">
      <Filter>Source Files</Filter>
    </ClCompile>
    <ClCompile Include="..\src\VisualizerApp.cpp">
      <Filter>Source Files</Filter>
    </ClCompile>
    <ClInclude Include="..\include\Resources.h">
      <Filter>Header Files</Filter>
    </ClInclude>
    <ClCompile Include="..\src\Particle.cpp">
      <Filter>Source Files</Filter>
    </ClCompile>
    <ClCompile Include="..\blocks\Cinder-DSAPI\src\CiDSAPI.cpp">
      <Filter>Source Files\blocks\Cinder-DSAPI</Filter>
    </ClCompile>
    <ClCompile Include="..\blocks\Cinder-Bullet3D\src\Cinder-Bullet3D\BulletContext.cpp">
      <Filter>Source Files\blocks\Cinder-Bullet3D\Cinder-Bullet3D</Filter>
    </ClCompile>
    <ClCompile Include="..\blocks\Cinder-Bullet3D\src\Cinder-Bullet3D\Common.cpp">
      <Filter>Source Files\blocks\Cinder-Bullet3D\Cinder-Bullet3D</Filter>
    </ClCompile>
    <ClCompile Include="..\blocks\Cinder-Bullet3D\src\Cinder-Bullet3D\ConstraintBase.cpp">
      <Filter>Source Files\blocks\Cinder-Bullet3D\Cinder-Bullet3D</Filter>
    </ClCompile>
    <ClCompile Include="..\blocks\Cinder-Bullet3D\src\Cinder-Bullet3D\ConstraintConeTwist.cpp">
      <Filter>Source Files\blocks\Cinder-Bullet3D\Cinder-Bullet3D</Filter>
    </ClCompile>
    <ClCompile Include="..\blocks\Cinder-Bullet3D\src\Cinder-Bullet3D\ConstraintGeneric6Dof.cpp">
      <Filter>Source Files\blocks\Cinder-Bullet3D\Cinder-Bullet3D</Filter>
    </ClCompile>
    <ClCompile Include="..\blocks\Cinder-Bullet3D\src\Cinder-Bullet3D\ConstraintHinge.cpp">
      <Filter>Source Files\blocks\Cinder-Bullet3D\Cinder-Bullet3D</Filter>
    </ClCompile>
    <ClCompile Include="..\blocks\Cinder-Bullet3D\src\Cinder-Bullet3D\ConstraintPoint2Point.cpp">
      <Filter>Source Files\blocks\Cinder-Bullet3D\Cinder-Bullet3D</Filter>
    </ClCompile>
    <ClCompile Include="..\blocks\Cinder-Bullet3D\src\Cinder-Bullet3D\PhyObjCharacterController.cpp">
      <Filter>Source Files\blocks\Cinder-Bullet3D\Cinder-Bullet3D</Filter>
    </ClCompile>
    <ClCompile Include="..\blocks\Cinder-Bullet3D\src\Cinder-Bullet3D\PhyObjTriggerVol.cpp">
      <Filter>Source Files\blocks\Cinder-Bullet3D\Cinder-Bullet3D</Filter>
    </ClCompile>
    <ClCompile Include="..\blocks\Cinder-Bullet3D\src\Cinder-Bullet3D\PhysicsDebugRenderable.cpp">
      <Filter>Source Files\blocks\Cinder-Bullet3D\Cinder-Bullet3D</Filter>
    </ClCompile>
    <ClCompile Include="..\blocks\Cinder-Bullet3D\src\Cinder-Bullet3D\RigidBody.cpp">
      <Filter>Source Files\blocks\Cinder-Bullet3D\Cinder-Bullet3D</Filter>
    </ClCompile>
    <ClCompile Include="..\blocks\Cinder-Bullet3D\src\Cinder-Bullet3D\SoftBody.cpp">
      <Filter>Source Files\blocks\Cinder-Bullet3D\Cinder-Bullet3D</Filter>
    </ClCompile>
    <ClCompile Include="..\blocks\Cinder-Bullet3D\src\BulletPhysics\BulletSoftBody\btDefaultSoftBodySolver.cpp">
      <Filter>Source Files\blocks\Cinder-Bullet3D\BulletPhysics\BulletSoftBody</Filter>
    </ClCompile>
    <ClCompile Include="..\blocks\Cinder-Bullet3D\src\BulletPhysics\BulletSoftBody\btSoftBody.cpp">
      <Filter>Source Files\blocks\Cinder-Bullet3D\BulletPhysics\BulletSoftBody</Filter>
    </ClCompile>
    <ClCompile Include="..\blocks\Cinder-Bullet3D\src\BulletPhysics\BulletSoftBody\btSoftBodyConcaveCollisionAlgorithm.cpp">
      <Filter>Source Files\blocks\Cinder-Bullet3D\BulletPhysics\BulletSoftBody</Filter>
    </ClCompile>
    <ClCompile Include="..\blocks\Cinder-Bullet3D\src\BulletPhysics\BulletSoftBody\btSoftBodyHelpers.cpp">
      <Filter>Source Files\blocks\Cinder-Bullet3D\BulletPhysics\BulletSoftBody</Filter>
    </ClCompile>
    <ClCompile Include="..\blocks\Cinder-Bullet3D\src\BulletPhysics\BulletSoftBody\btSoftBodyRigidBodyCollisionConfiguration.cpp">
      <Filter>Source Files\blocks\Cinder-Bullet3D\BulletPhysics\BulletSoftBody</Filter>
    </ClCompile>
    <ClCompile Include="..\blocks\Cinder-Bullet3D\src\BulletPhysics\BulletSoftBody\btSoftRigidCollisionAlgorithm.cpp">
      <Filter>Source Files\blocks\Cinder-Bullet3D\BulletPhysics\BulletSoftBody</Filter>
    </ClCompile>
    <ClCompile Include="..\blocks\Cinder-Bullet3D\src\BulletPhysics\BulletSoftBody\btSoftRigidDynamicsWorld.cpp">
      <Filter>Source Files\blocks\Cinder-Bullet3D\BulletPhysics\BulletSoftBody</Filter>
    </ClCompile>
    <ClCompile Include="..\blocks\Cinder-Bullet3D\src\BulletPhysics\BulletSoftBody\btSoftSoftCollisionAlgorithm.cpp">
      <Filter>Source Files\blocks\Cinder-Bullet3D\BulletPhysics\BulletSoftBody</Filter>
    </ClCompile>
    <ClCompile Include="..\blocks\Cinder-Bullet3D\src\BulletPhysics\BulletCollision\BroadphaseCollision\btAxisSweep3.cpp">
      <Filter>Source Files\blocks\Cinder-Bullet3D\BulletPhysics\BulletCollision\BroadphaseCollision</Filter>
    </ClCompile>
    <ClCompile Include="..\blocks\Cinder-Bullet3D\src\BulletPhysics\BulletCollision\BroadphaseCollision\btBroadphaseProxy.cpp">
      <Filter>Source Files\blocks\Cinder-Bullet3D\BulletPhysics\BulletCollision\BroadphaseCollision</Filter>
    </ClCompile>
    <ClCompile Include="..\blocks\Cinder-Bullet3D\src\BulletPhysics\BulletCollision\BroadphaseCollision\btCollisionAlgorithm.cpp">
      <Filter>Source Files\blocks\Cinder-Bullet3D\BulletPhysics\BulletCollision\BroadphaseCollision</Filter>
    </ClCompile>
    <ClCompile Include="..\blocks\Cinder-Bullet3D\src\BulletPhysics\BulletCollision\BroadphaseCollision\btDbvt.cpp">
      <Filter>Source Files\blocks\Cinder-Bullet3D\BulletPhysics\BulletCollision\BroadphaseCollision</Filter>
    </ClCompile>
    <ClCompile Include="..\blocks\Cinder-Bullet3D\src\BulletPhysics\BulletCollision\BroadphaseCollision\btDbvtBroadphase.cpp">
      <Filter>Source Files\blocks\Cinder-Bullet3D\BulletPhysics\BulletCollision\BroadphaseCollision</Filter>
    </ClCompile>
    <ClCompile Include="..\blocks\Cinder-Bullet3D\src\BulletPhysics\BulletCollision\BroadphaseCollision\btDispatcher.cpp">
      <Filter>Source Files\blocks\Cinder-Bullet3D\BulletPhysics\BulletCollision\BroadphaseCollision</Filter>
    </ClCompile>
    <ClCompile Include="..\blocks\Cinder-Bullet3D\src\BulletPhysics\BulletCollision\BroadphaseCollision\btMultiSapBroadphase.cpp">
      <Filter>Source Files\blocks\Cinder-Bullet3D\BulletPhysics\BulletCollision\BroadphaseCollision</Filter>
    </ClCompile>
    <ClCompile Include="..\blocks\Cinder-Bullet3D\src\BulletPhysics\BulletCollision\BroadphaseCollision\btOverlappingPairCache.cpp">
      <Filter>Source Files\blocks\Cinder-Bullet3D\BulletPhysics\BulletCollision\BroadphaseCollision</Filter>
    </ClCompile>
    <ClCompile Include="..\blocks\Cinder-Bullet3D\src\BulletPhysics\BulletCollision\BroadphaseCollision\btQuantizedBvh.cpp">
      <Filter>Source Files\blocks\Cinder-Bullet3D\BulletPhysics\BulletCollision\BroadphaseCollision</Filter>
    </ClCompile>
    <ClCompile Include="..\blocks\Cinder-Bullet3D\src\BulletPhysics\BulletCollision\BroadphaseCollision\btSimpleBroadphase.cpp">
      <Filter>Source Files\blocks\Cinder-Bullet3D\BulletPhysics\BulletCollision\BroadphaseCollision</Filter>
    </ClCompile>
    <ClCompile Include="..\blocks\Cinder-Bullet3D\src\BulletPhysics\BulletCollision\CollisionDispatch\btCollisionWorldImporter.cpp">
      <Filter>Source Files\blocks\Cinder-Bullet3D\BulletPhysics\BulletCollision\CollisionDispatch</Filter>
    </ClCompile>
    <ClCompile Include="..\blocks\Cinder-Bullet3D\src\BulletPhysics\BulletCollision\CollisionDispatch\btCompoundCollisionAlgorithm.cpp">
      <Filter>Source Files\blocks\Cinder-Bullet3D\BulletPhysics\BulletCollision\CollisionDispatch</Filter>
    </ClCompile>
    <ClCompile Include="..\blocks\Cinder-Bullet3D\src\BulletPhysics\BulletCollision\CollisionDispatch\btCompoundCompoundCollisionAlgorithm.cpp">
      <Filter>Source Files\blocks\Cinder-Bullet3D\BulletPhysics\BulletCollision\CollisionDispatch</Filter>
    </ClCompile>
    <ClCompile Include="..\blocks\Cinder-Bullet3D\src\BulletPhysics\BulletCollision\CollisionDispatch\btConvex2dConvex2dAlgorithm.cpp">
      <Filter>Source Files\blocks\Cinder-Bullet3D\BulletPhysics\BulletCollision\CollisionDispatch</Filter>
    </ClCompile>
    <ClCompile Include="..\blocks\Cinder-Bullet3D\src\BulletPhysics\BulletCollision\CollisionDispatch\btConvexConcaveCollisionAlgorithm.cpp">
      <Filter>Source Files\blocks\Cinder-Bullet3D\BulletPhysics\BulletCollision\CollisionDispatch</Filter>
    </ClCompile>
    <ClCompile Include="..\blocks\Cinder-Bullet3D\src\BulletPhysics\BulletCollision\CollisionDispatch\btConvexConvexAlgorithm.cpp">
      <Filter>Source Files\blocks\Cinder-Bullet3D\BulletPhysics\BulletCollision\CollisionDispatch</Filter>
    </ClCompile>
    <ClCompile Include="..\blocks\Cinder-Bullet3D\src\BulletPhysics\BulletCollision\CollisionDispatch\btConvexPlaneCollisionAlgorithm.cpp">
      <Filter>Source Files\blocks\Cinder-Bullet3D\BulletPhysics\BulletCollision\CollisionDispatch</Filter>
    </ClCompile>
    <ClCompile Include="..\blocks\Cinder-Bullet3D\src\BulletPhysics\BulletCollision\CollisionDispatch\btDefaultCollisionConfiguration.cpp">
      <Filter>Source Files\blocks\Cinder-Bullet3D\BulletPhysics\BulletCollision\CollisionDispatch</Filter>
    </ClCompile>
    <ClCompile Include="..\blocks\Cinder-Bullet3D\src\BulletPhysics\BulletCollision\CollisionDispatch\btEmptyCollisionAlgorithm.cpp">
      <Filter>Source Files\blocks\Cinder-Bullet3D\BulletPhysics\BulletCollision\CollisionDispatch</Filter>
    </ClCompile>
    <ClCompile Include="..\blocks\Cinder-Bullet3D\src\BulletPhysics\BulletCollision\CollisionDispatch\btGhostObject.cpp">
      <Filter>Source Files\blocks\Cinder-Bullet3D\BulletPhysics\BulletCollision\CollisionDispatch</Filter>
    </ClCompile>
    <ClCompile Include="..\blocks\Cinder-Bullet3D\src\BulletPhysics\BulletCollision\CollisionDispatch\btHashedSimplePairCache.cpp">
      <Filter>Source Files\blocks\Cinder-Bullet3D\BulletPhysics\BulletCollision\CollisionDispatch</Filter>
    </ClCompile>
    <ClCompile Include="..\blocks\Cinder-Bullet3D\src\BulletPhysics\BulletCollision\CollisionDispatch\btInternalEdgeUtility.cpp">
      <Filter>Source Files\blocks\Cinder-Bullet3D\BulletPhysics\BulletCollision\CollisionDispatch</Filter>
    </ClCompile>
    <ClCompile Include="..\blocks\Cinder-Bullet3D\src\BulletPhysics\BulletCollision\CollisionDispatch\btManifoldResult.cpp">
      <Filter>Source Files\blocks\Cinder-Bullet3D\BulletPhysics\BulletCollision\CollisionDispatch</Filter>
    </ClCompile>
    <ClCompile Include="..\blocks\Cinder-Bullet3D\src\BulletPhysics\BulletCollision\CollisionDispatch\btSimulationIslandManager.cpp">
      <Filter>Source Files\blocks\Cinder-Bullet3D\BulletPhysics\BulletCollision\CollisionDispatch</Filter>
    </ClCompile>
    <ClCompile Include="..\blocks\Cinder-Bullet3D\src\BulletPhysics\BulletCollision\CollisionDispatch\btSphereBoxCollisionAlgorithm.cpp">
      <Filter>Source Files\blocks\Cinder-Bullet3D\BulletPhysics\BulletCollision\CollisionDispatch</Filter>
    </ClCompile>
    <ClCompile Include="..\blocks\Cinder-Bullet3D\src\BulletPhysics\BulletCollision\CollisionDispatch\btSphereSphereCollisionAlgorithm.cpp">
      <Filter>Source Files\blocks\Cinder-Bullet3D\BulletPhysics\BulletCollision\CollisionDispatch</Filter>
    </ClCompile>
    <ClCompile Include="..\blocks\Cinder-Bullet3D\src\BulletPhysics\BulletCollision\CollisionDispatch\btSphereTriangleCollisionAlgorithm.cpp">
      <Filter>Source Files\blocks\Cinder-Bullet3D\BulletPhysics\BulletCollision\CollisionDispatch</Filter>
    </ClCompile>
    <ClCompile Include="..\blocks\Cinder-Bullet3D\src\BulletPhysics\BulletCollision\CollisionDispatch\btUnionFind.cpp">
      <Filter>Source Files\blocks\Cinder-Bullet3D\BulletPhysics\BulletCollision\CollisionDispatch</Filter>
    </ClCompile>
    <ClCompile Include="..\blocks\Cinder-Bullet3D\src\BulletPhysics\BulletCollision\CollisionDispatch\SphereTriangleDetector.cpp">
      <Filter>Source Files\blocks\Cinder-Bullet3D\BulletPhysics\BulletCollision\CollisionDispatch</Filter>
    </ClCompile>
    <ClCompile Include="..\blocks\Cinder-Bullet3D\src\BulletPhysics\BulletCollision\CollisionDispatch\btActivatingCollisionAlgorithm.cpp">
      <Filter>Source Files\blocks\Cinder-Bullet3D\BulletPhysics\BulletCollision\CollisionDispatch</Filter>
    </ClCompile>
    <ClCompile Include="..\blocks\Cinder-Bullet3D\src\BulletPhysics\BulletCollision\CollisionDispatch\btBox2dBox2dCollisionAlgorithm.cpp">
      <Filter>Source Files\blocks\Cinder-Bullet3D\BulletPhysics\BulletCollision\CollisionDispatch</Filter>
    </ClCompile>
    <ClCompile Include="..\blocks\Cinder-Bullet3D\src\BulletPhysics\BulletCollision\CollisionDispatch\btBoxBoxCollisionAlgorithm.cpp">
      <Filter>Source Files\blocks\Cinder-Bullet3D\BulletPhysics\BulletCollision\CollisionDispatch</Filter>
    </ClCompile>
    <ClCompile Include="..\blocks\Cinder-Bullet3D\src\BulletPhysics\BulletCollision\CollisionDispatch\btBoxBoxDetector.cpp">
      <Filter>Source Files\blocks\Cinder-Bullet3D\BulletPhysics\BulletCollision\CollisionDispatch</Filter>
    </ClCompile>
    <ClCompile Include="..\blocks\Cinder-Bullet3D\src\BulletPhysics\BulletCollision\CollisionDispatch\btCollisionDispatcher.cpp">
      <Filter>Source Files\blocks\Cinder-Bullet3D\BulletPhysics\BulletCollision\CollisionDispatch</Filter>
    </ClCompile>
    <ClCompile Include="..\blocks\Cinder-Bullet3D\src\BulletPhysics\BulletCollision\CollisionDispatch\btCollisionObject.cpp">
      <Filter>Source Files\blocks\Cinder-Bullet3D\BulletPhysics\BulletCollision\CollisionDispatch</Filter>
    </ClCompile>
    <ClCompile Include="..\blocks\Cinder-Bullet3D\src\BulletPhysics\BulletCollision\CollisionDispatch\btCollisionWorld.cpp">
      <Filter>Source Files\blocks\Cinder-Bullet3D\BulletPhysics\BulletCollision\CollisionDispatch</Filter>
    </ClCompile>
    <ClCompile Include="..\blocks\Cinder-Bullet3D\src\BulletPhysics\BulletCollision\CollisionShapes\btOptimizedBvh.cpp">
      <Filter>Source Files\blocks\Cinder-Bullet3D\BulletPhysics\BulletCollision\CollisionShapes</Filter>
    </ClCompile>
    <ClCompile Include="..\blocks\Cinder-Bullet3D\src\BulletPhysics\BulletCollision\CollisionShapes\btPolyhedralConvexShape.cpp">
      <Filter>Source Files\blocks\Cinder-Bullet3D\BulletPhysics\BulletCollision\CollisionShapes</Filter>
    </ClCompile>
    <ClCompile Include="..\blocks\Cinder-Bullet3D\src\BulletPhysics\BulletCollision\CollisionShapes\btScaledBvhTriangleMeshShape.cpp">
      <Filter>Source Files\blocks\Cinder-Bullet3D\BulletPhysics\BulletCollision\CollisionShapes</Filter>
    </ClCompile>
    <ClCompile Include="..\blocks\Cinder-Bullet3D\src\BulletPhysics\BulletCollision\CollisionShapes\btShapeHull.cpp">
      <Filter>Source Files\blocks\Cinder-Bullet3D\BulletPhysics\BulletCollision\CollisionShapes</Filter>
    </ClCompile>
    <ClCompile Include="..\blocks\Cinder-Bullet3D\src\BulletPhysics\BulletCollision\CollisionShapes\btSphereShape.cpp">
      <Filter>Source Files\blocks\Cinder-Bullet3D\BulletPhysics\BulletCollision\CollisionShapes</Filter>
    </ClCompile>
    <ClCompile Include="..\blocks\Cinder-Bullet3D\src\BulletPhysics\BulletCollision\CollisionShapes\btStaticPlaneShape.cpp">
      <Filter>Source Files\blocks\Cinder-Bullet3D\BulletPhysics\BulletCollision\CollisionShapes</Filter>
    </ClCompile>
    <ClCompile Include="..\blocks\Cinder-Bullet3D\src\BulletPhysics\BulletCollision\CollisionShapes\btStridingMeshInterface.cpp">
      <Filter>Source Files\blocks\Cinder-Bullet3D\BulletPhysics\BulletCollision\CollisionShapes</Filter>
    </ClCompile>
    <ClCompile Include="..\blocks\Cinder-Bullet3D\src\BulletPhysics\BulletCollision\CollisionShapes\btTetrahedronShape.cpp">
      <Filter>Source Files\blocks\Cinder-Bullet3D\BulletPhysics\BulletCollision\CollisionShapes</Filter>
    </ClCompile>
    <ClCompile Include="..\blocks\Cinder-Bullet3D\src\BulletPhysics\BulletCollision\CollisionShapes\btTriangleBuffer.cpp">
      <Filter>Source Files\blocks\Cinder-Bullet3D\BulletPhysics\BulletCollision\CollisionShapes</Filter>
    </ClCompile>
    <ClCompile Include="..\blocks\Cinder-Bullet3D\src\BulletPhysics\BulletCollision\CollisionShapes\btTriangleCallback.cpp">
      <Filter>Source Files\blocks\Cinder-Bullet3D\BulletPhysics\BulletCollision\CollisionShapes</Filter>
    </ClCompile>
    <ClCompile Include="..\blocks\Cinder-Bullet3D\src\BulletPhysics\BulletCollision\CollisionShapes\btTriangleIndexVertexArray.cpp">
      <Filter>Source Files\blocks\Cinder-Bullet3D\BulletPhysics\BulletCollision\CollisionShapes</Filter>
    </ClCompile>
    <ClCompile Include="..\blocks\Cinder-Bullet3D\src\BulletPhysics\BulletCollision\CollisionShapes\btTriangleIndexVertexMaterialArray.cpp">
      <Filter>Source Files\blocks\Cinder-Bullet3D\BulletPhysics\BulletCollision\CollisionShapes</Filter>
    </ClCompile>
    <ClCompile Include="..\blocks\Cinder-Bullet3D\src\BulletPhysics\BulletCollision\CollisionShapes\btTriangleMesh.cpp">
      <Filter>Source Files\blocks\Cinder-Bullet3D\BulletPhysics\BulletCollision\CollisionShapes</Filter>
    </ClCompile>
    <ClCompile Include="..\blocks\Cinder-Bullet3D\src\BulletPhysics\BulletCollision\CollisionShapes\btTriangleMeshShape.cpp">
      <Filter>Source Files\blocks\Cinder-Bullet3D\BulletPhysics\BulletCollision\CollisionShapes</Filter>
    </ClCompile>
    <ClCompile Include="..\blocks\Cinder-Bullet3D\src\BulletPhysics\BulletCollision\CollisionShapes\btUniformScalingShape.cpp">
      <Filter>Source Files\blocks\Cinder-Bullet3D\BulletPhysics\BulletCollision\CollisionShapes</Filter>
    </ClCompile>
    <ClCompile Include="..\blocks\Cinder-Bullet3D\src\BulletPhysics\BulletCollision\CollisionShapes\btBox2dShape.cpp">
      <Filter>Source Files\blocks\Cinder-Bullet3D\BulletPhysics\BulletCollision\CollisionShapes</Filter>
    </ClCompile>
    <ClCompile Include="..\blocks\Cinder-Bullet3D\src\BulletPhysics\BulletCollision\CollisionShapes\btBoxShape.cpp">
      <Filter>Source Files\blocks\Cinder-Bullet3D\BulletPhysics\BulletCollision\CollisionShapes</Filter>
    </ClCompile>
    <ClCompile Include="..\blocks\Cinder-Bullet3D\src\BulletPhysics\BulletCollision\CollisionShapes\btBvhTriangleMeshShape.cpp">
      <Filter>Source Files\blocks\Cinder-Bullet3D\BulletPhysics\BulletCollision\CollisionShapes</Filter>
    </ClCompile>
    <ClCompile Include="..\blocks\Cinder-Bullet3D\src\BulletPhysics\BulletCollision\CollisionShapes\btCapsuleShape.cpp">
      <Filter>Source Files\blocks\Cinder-Bullet3D\BulletPhysics\BulletCollision\CollisionShapes</Filter>
    </ClCompile>
    <ClCompile Include="..\blocks\Cinder-Bullet3D\src\BulletPhysics\BulletCollision\CollisionShapes\btCollisionShape.cpp">
      <Filter>Source Files\blocks\Cinder-Bullet3D\BulletPhysics\BulletCollision\CollisionShapes</Filter>
    </ClCompile>
    <ClCompile Include="..\blocks\Cinder-Bullet3D\src\BulletPhysics\BulletCollision\CollisionShapes\btCompoundShape.cpp">
      <Filter>Source Files\blocks\Cinder-Bullet3D\BulletPhysics\BulletCollision\CollisionShapes</Filter>
    </ClCompile>
    <ClCompile Include="..\blocks\Cinder-Bullet3D\src\BulletPhysics\BulletCollision\CollisionShapes\btConcaveShape.cpp">
      <Filter>Source Files\blocks\Cinder-Bullet3D\BulletPhysics\BulletCollision\CollisionShapes</Filter>
    </ClCompile>
    <ClCompile Include="..\blocks\Cinder-Bullet3D\src\BulletPhysics\BulletCollision\CollisionShapes\btConeShape.cpp">
      <Filter>Source Files\blocks\Cinder-Bullet3D\BulletPhysics\BulletCollision\CollisionShapes</Filter>
    </ClCompile>
    <ClCompile Include="..\blocks\Cinder-Bullet3D\src\BulletPhysics\BulletCollision\CollisionShapes\btConvex2dShape.cpp">
      <Filter>Source Files\blocks\Cinder-Bullet3D\BulletPhysics\BulletCollision\CollisionShapes</Filter>
    </ClCompile>
    <ClCompile Include="..\blocks\Cinder-Bullet3D\src\BulletPhysics\BulletCollision\CollisionShapes\btConvexHullShape.cpp">
      <Filter>Source Files\blocks\Cinder-Bullet3D\BulletPhysics\BulletCollision\CollisionShapes</Filter>
    </ClCompile>
    <ClCompile Include="..\blocks\Cinder-Bullet3D\src\BulletPhysics\BulletCollision\CollisionShapes\btConvexInternalShape.cpp">
      <Filter>Source Files\blocks\Cinder-Bullet3D\BulletPhysics\BulletCollision\CollisionShapes</Filter>
    </ClCompile>
    <ClCompile Include="..\blocks\Cinder-Bullet3D\src\BulletPhysics\BulletCollision\CollisionShapes\btConvexPointCloudShape.cpp">
      <Filter>Source Files\blocks\Cinder-Bullet3D\BulletPhysics\BulletCollision\CollisionShapes</Filter>
    </ClCompile>
    <ClCompile Include="..\blocks\Cinder-Bullet3D\src\BulletPhysics\BulletCollision\CollisionShapes\btConvexPolyhedron.cpp">
      <Filter>Source Files\blocks\Cinder-Bullet3D\BulletPhysics\BulletCollision\CollisionShapes</Filter>
    </ClCompile>
    <ClCompile Include="..\blocks\Cinder-Bullet3D\src\BulletPhysics\BulletCollision\CollisionShapes\btConvexShape.cpp">
      <Filter>Source Files\blocks\Cinder-Bullet3D\BulletPhysics\BulletCollision\CollisionShapes</Filter>
    </ClCompile>
    <ClCompile Include="..\blocks\Cinder-Bullet3D\src\BulletPhysics\BulletCollision\CollisionShapes\btConvexTriangleMeshShape.cpp">
      <Filter>Source Files\blocks\Cinder-Bullet3D\BulletPhysics\BulletCollision\CollisionShapes</Filter>
    </ClCompile>
    <ClCompile Include="..\blocks\Cinder-Bullet3D\src\BulletPhysics\BulletCollision\CollisionShapes\btCylinderShape.cpp">
      <Filter>Source Files\blocks\Cinder-Bullet3D\BulletPhysics\BulletCollision\CollisionShapes</Filter>
    </ClCompile>
    <ClCompile Include="..\blocks\Cinder-Bullet3D\src\BulletPhysics\BulletCollision\CollisionShapes\btEmptyShape.cpp">
      <Filter>Source Files\blocks\Cinder-Bullet3D\BulletPhysics\BulletCollision\CollisionShapes</Filter>
    </ClCompile>
    <ClCompile Include="..\blocks\Cinder-Bullet3D\src\BulletPhysics\BulletCollision\CollisionShapes\btHeightfieldTerrainShape.cpp">
      <Filter>Source Files\blocks\Cinder-Bullet3D\BulletPhysics\BulletCollision\CollisionShapes</Filter>
    </ClCompile>
    <ClCompile Include="..\blocks\Cinder-Bullet3D\src\BulletPhysics\BulletCollision\CollisionShapes\btMinkowskiSumShape.cpp">
      <Filter>Source Files\blocks\Cinder-Bullet3D\BulletPhysics\BulletCollision\CollisionShapes</Filter>
    </ClCompile>
    <ClCompile Include="..\blocks\Cinder-Bullet3D\src\BulletPhysics\BulletCollision\CollisionShapes\btMultimaterialTriangleMeshShape.cpp">
      <Filter>Source Files\blocks\Cinder-Bullet3D\BulletPhysics\BulletCollision\CollisionShapes</Filter>
    </ClCompile>
    <ClCompile Include="..\blocks\Cinder-Bullet3D\src\BulletPhysics\BulletCollision\CollisionShapes\btMultiSphereShape.cpp">
      <Filter>Source Files\blocks\Cinder-Bullet3D\BulletPhysics\BulletCollision\CollisionShapes</Filter>
    </ClCompile>
    <ClCompile Include="..\blocks\Cinder-Bullet3D\src\BulletPhysics\BulletCollision\Gimpact\btContactProcessing.cpp">
      <Filter>Source Files\blocks\Cinder-Bullet3D\BulletPhysics\BulletCollision\Gimpact</Filter>
    </ClCompile>
    <ClCompile Include="..\blocks\Cinder-Bullet3D\src\BulletPhysics\BulletCollision\Gimpact\btGenericPoolAllocator.cpp">
      <Filter>Source Files\blocks\Cinder-Bullet3D\BulletPhysics\BulletCollision\Gimpact</Filter>
    </ClCompile>
    <ClCompile Include="..\blocks\Cinder-Bullet3D\src\BulletPhysics\BulletCollision\Gimpact\btGImpactBvh.cpp">
      <Filter>Source Files\blocks\Cinder-Bullet3D\BulletPhysics\BulletCollision\Gimpact</Filter>
    </ClCompile>
    <ClCompile Include="..\blocks\Cinder-Bullet3D\src\BulletPhysics\BulletCollision\Gimpact\btGImpactCollisionAlgorithm.cpp">
      <Filter>Source Files\blocks\Cinder-Bullet3D\BulletPhysics\BulletCollision\Gimpact</Filter>
    </ClCompile>
    <ClCompile Include="..\blocks\Cinder-Bullet3D\src\BulletPhysics\BulletCollision\Gimpact\btGImpactQuantizedBvh.cpp">
      <Filter>Source Files\blocks\Cinder-Bullet3D\BulletPhysics\BulletCollision\Gimpact</Filter>
    </ClCompile>
    <ClCompile Include="..\blocks\Cinder-Bullet3D\src\BulletPhysics\BulletCollision\Gimpact\btGImpactShape.cpp">
      <Filter>Source Files\blocks\Cinder-Bullet3D\BulletPhysics\BulletCollision\Gimpact</Filter>
    </ClCompile>
    <ClCompile Include="..\blocks\Cinder-Bullet3D\src\BulletPhysics\BulletCollision\Gimpact\btTriangleShapeEx.cpp">
      <Filter>Source Files\blocks\Cinder-Bullet3D\BulletPhysics\BulletCollision\Gimpact</Filter>
    </ClCompile>
    <ClCompile Include="..\blocks\Cinder-Bullet3D\src\BulletPhysics\BulletCollision\Gimpact\gim_box_set.cpp">
      <Filter>Source Files\blocks\Cinder-Bullet3D\BulletPhysics\BulletCollision\Gimpact</Filter>
    </ClCompile>
    <ClCompile Include="..\blocks\Cinder-Bullet3D\src\BulletPhysics\BulletCollision\Gimpact\gim_contact.cpp">
      <Filter>Source Files\blocks\Cinder-Bullet3D\BulletPhysics\BulletCollision\Gimpact</Filter>
    </ClCompile>
    <ClCompile Include="..\blocks\Cinder-Bullet3D\src\BulletPhysics\BulletCollision\Gimpact\gim_memory.cpp">
      <Filter>Source Files\blocks\Cinder-Bullet3D\BulletPhysics\BulletCollision\Gimpact</Filter>
    </ClCompile>
    <ClCompile Include="..\blocks\Cinder-Bullet3D\src\BulletPhysics\BulletCollision\Gimpact\gim_tri_collision.cpp">
      <Filter>Source Files\blocks\Cinder-Bullet3D\BulletPhysics\BulletCollision\Gimpact</Filter>
    </ClCompile>
    <ClCompile Include="..\blocks\Cinder-Bullet3D\src\BulletPhysics\BulletCollision\NarrowPhaseCollision\btContinuousConvexCollision.cpp">
      <Filter>Source Files\blocks\Cinder-Bullet3D\BulletPhysics\BulletCollision\NarrowPhaseCollision</Filter>
    </ClCompile>
    <ClCompile Include="..\blocks\Cinder-Bullet3D\src\BulletPhysics\BulletCollision\NarrowPhaseCollision\btConvexCast.cpp">
      <Filter>Source Files\blocks\Cinder-Bullet3D\BulletPhysics\BulletCollision\NarrowPhaseCollision</Filter>
    </ClCompile>
    <ClCompile Include="..\blocks\Cinder-Bullet3D\src\BulletPhysics\BulletCollision\NarrowPhaseCollision\btGjkConvexCast.cpp">
      <Filter>Source Files\blocks\Cinder-Bullet3D\BulletPhysics\BulletCollision\NarrowPhaseCollision</Filter>
    </ClCompile>
    <ClCompile Include="..\blocks\Cinder-Bullet3D\src\BulletPhysics\BulletCollision\NarrowPhaseCollision\btGjkEpa2.cpp">
      <Filter>Source Files\blocks\Cinder-Bullet3D\BulletPhysics\BulletCollision\NarrowPhaseCollision</Filter>
    </ClCompile>
    <ClCompile Include="..\blocks\Cinder-Bullet3D\src\BulletPhysics\BulletCollision\NarrowPhaseCollision\btGjkEpaPenetrationDepthSolver.cpp">
      <Filter>Source Files\blocks\Cinder-Bullet3D\BulletPhysics\BulletCollision\NarrowPhaseCollision</Filter>
    </ClCompile>
    <ClCompile Include="..\blocks\Cinder-Bullet3D\src\BulletPhysics\BulletCollision\NarrowPhaseCollision\btGjkPairDetector.cpp">
      <Filter>Source Files\blocks\Cinder-Bullet3D\BulletPhysics\BulletCollision\NarrowPhaseCollision</Filter>
    </ClCompile>
    <ClCompile Include="..\blocks\Cinder-Bullet3D\src\BulletPhysics\BulletCollision\NarrowPhaseCollision\btMinkowskiPenetrationDepthSolver.cpp">
      <Filter>Source Files\blocks\Cinder-Bullet3D\BulletPhysics\BulletCollision\NarrowPhaseCollision</Filter>
    </ClCompile>
    <ClCompile Include="..\blocks\Cinder-Bullet3D\src\BulletPhysics\BulletCollision\NarrowPhaseCollision\btPersistentManifold.cpp">
      <Filter>Source Files\blocks\Cinder-Bullet3D\BulletPhysics\BulletCollision\NarrowPhaseCollision</Filter>
    </ClCompile>
    <ClCompile Include="..\blocks\Cinder-Bullet3D\src\BulletPhysics\BulletCollision\NarrowPhaseCollision\btPolyhedralContactClipping.cpp">
      <Filter>Source Files\blocks\Cinder-Bullet3D\BulletPhysics\BulletCollision\NarrowPhaseCollision</Filter>
    </ClCompile>
    <ClCompile Include="..\blocks\Cinder-Bullet3D\src\BulletPhysics\BulletCollision\NarrowPhaseCollision\btRaycastCallback.cpp">
      <Filter>Source Files\blocks\Cinder-Bullet3D\BulletPhysics\BulletCollision\NarrowPhaseCollision</Filter>
    </ClCompile>
    <ClCompile Include="..\blocks\Cinder-Bullet3D\src\BulletPhysics\BulletCollision\NarrowPhaseCollision\btSubSimplexConvexCast.cpp">
      <Filter>Source Files\blocks\Cinder-Bullet3D\BulletPhysics\BulletCollision\NarrowPhaseCollision</Filter>
    </ClCompile>
    <ClCompile Include="..\blocks\Cinder-Bullet3D\src\BulletPhysics\BulletCollision\NarrowPhaseCollision\btVoronoiSimplexSolver.cpp">
      <Filter>Source Files\blocks\Cinder-Bullet3D\BulletPhysics\BulletCollision\NarrowPhaseCollision</Filter>
    </ClCompile>
    <ClCompile Include="..\blocks\Cinder-Bullet3D\src\BulletPhysics\BulletDynamics\Character\btKinematicCharacterController.cpp">
      <Filter>Source Files\blocks\Cinder-Bullet3D\BulletPhysics\BulletDynamics\Character</Filter>
    </ClCompile>
    <ClCompile Include="..\blocks\Cinder-Bullet3D\src\BulletPhysics\BulletDynamics\ConstraintSolver\btConeTwistConstraint.cpp">
      <Filter>Source Files\blocks\Cinder-Bullet3D\BulletPhysics\BulletDynamics\ConstraintSolver</Filter>
    </ClCompile>
    <ClCompile Include="..\blocks\Cinder-Bullet3D\src\BulletPhysics\BulletDynamics\ConstraintSolver\btContactConstraint.cpp">
      <Filter>Source Files\blocks\Cinder-Bullet3D\BulletPhysics\BulletDynamics\ConstraintSolver</Filter>
    </ClCompile>
    <ClCompile Include="..\blocks\Cinder-Bullet3D\src\BulletPhysics\BulletDynamics\ConstraintSolver\btFixedConstraint.cpp">
      <Filter>Source Files\blocks\Cinder-Bullet3D\BulletPhysics\BulletDynamics\ConstraintSolver</Filter>
    </ClCompile>
    <ClCompile Include="..\blocks\Cinder-Bullet3D\src\BulletPhysics\BulletDynamics\ConstraintSolver\btGearConstraint.cpp">
      <Filter>Source Files\blocks\Cinder-Bullet3D\BulletPhysics\BulletDynamics\ConstraintSolver</Filter>
    </ClCompile>
    <ClCompile Include="..\blocks\Cinder-Bullet3D\src\BulletPhysics\BulletDynamics\ConstraintSolver\btGeneric6DofConstraint.cpp">
      <Filter>Source Files\blocks\Cinder-Bullet3D\BulletPhysics\BulletDynamics\ConstraintSolver</Filter>
    </ClCompile>
    <ClCompile Include="..\blocks\Cinder-Bullet3D\src\BulletPhysics\BulletDynamics\ConstraintSolver\btGeneric6DofSpring2Constraint.cpp">
      <Filter>Source Files\blocks\Cinder-Bullet3D\BulletPhysics\BulletDynamics\ConstraintSolver</Filter>
    </ClCompile>
    <ClCompile Include="..\blocks\Cinder-Bullet3D\src\BulletPhysics\BulletDynamics\ConstraintSolver\btGeneric6DofSpringConstraint.cpp">
      <Filter>Source Files\blocks\Cinder-Bullet3D\BulletPhysics\BulletDynamics\ConstraintSolver</Filter>
    </ClCompile>
    <ClCompile Include="..\blocks\Cinder-Bullet3D\src\BulletPhysics\BulletDynamics\ConstraintSolver\btHinge2Constraint.cpp">
      <Filter>Source Files\blocks\Cinder-Bullet3D\BulletPhysics\BulletDynamics\ConstraintSolver</Filter>
    </ClCompile>
    <ClCompile Include="..\blocks\Cinder-Bullet3D\src\BulletPhysics\BulletDynamics\ConstraintSolver\btHingeConstraint.cpp">
      <Filter>Source Files\blocks\Cinder-Bullet3D\BulletPhysics\BulletDynamics\ConstraintSolver</Filter>
    </ClCompile>
    <ClCompile Include="..\blocks\Cinder-Bullet3D\src\BulletPhysics\BulletDynamics\ConstraintSolver\btNNCGConstraintSolver.cpp">
      <Filter>Source Files\blocks\Cinder-Bullet3D\BulletPhysics\BulletDynamics\ConstraintSolver</Filter>
    </ClCompile>
    <ClCompile Include="..\blocks\Cinder-Bullet3D\src\BulletPhysics\BulletDynamics\ConstraintSolver\btPoint2PointConstraint.cpp">
      <Filter>Source Files\blocks\Cinder-Bullet3D\BulletPhysics\BulletDynamics\ConstraintSolver</Filter>
    </ClCompile>
    <ClCompile Include="..\blocks\Cinder-Bullet3D\src\BulletPhysics\BulletDynamics\ConstraintSolver\btSequentialImpulseConstraintSolver.cpp">
      <Filter>Source Files\blocks\Cinder-Bullet3D\BulletPhysics\BulletDynamics\ConstraintSolver</Filter>
    </ClCompile>
    <ClCompile Include="..\blocks\Cinder-Bullet3D\src\BulletPhysics\BulletDynamics\ConstraintSolver\btSliderConstraint.cpp">
      <Filter>Source Files\blocks\Cinder-Bullet3D\BulletPhysics\BulletDynamics\ConstraintSolver</Filter>
    </ClCompile>
    <ClCompile Include="..\blocks\Cinder-Bullet3D\src\BulletPhysics\BulletDynamics\ConstraintSolver\btSolve2LinearConstraint.cpp">
      <Filter>Source Files\blocks\Cinder-Bullet3D\BulletPhysics\BulletDynamics\ConstraintSolver</Filter>
    </ClCompile>
    <ClCompile Include="..\blocks\Cinder-Bullet3D\src\BulletPhysics\BulletDynamics\ConstraintSolver\btTypedConstraint.cpp">
      <Filter>Source Files\blocks\Cinder-Bullet3D\BulletPhysics\BulletDynamics\ConstraintSolver</Filter>
    </ClCompile>
    <ClCompile Include="..\blocks\Cinder-Bullet3D\src\BulletPhysics\BulletDynamics\ConstraintSolver\btUniversalConstraint.cpp">
      <Filter>Source Files\blocks\Cinder-Bullet3D\BulletPhysics\BulletDynamics\ConstraintSolver</Filter>
    </ClCompile>
    <ClCompile Include="..\blocks\Cinder-Bullet3D\src\BulletPhysics\BulletDynamics\Dynamics\btDiscreteDynamicsWorld.cpp">
      <Filter>Source Files\blocks\Cinder-Bullet3D\BulletPhysics\BulletDynamics\Dynamics</Filter>
    </ClCompile>
    <ClCompile Include="..\blocks\Cinder-Bullet3D\src\BulletPhysics\BulletDynamics\Dynamics\btRigidBody.cpp">
      <Filter>Source Files\blocks\Cinder-Bullet3D\BulletPhysics\BulletDynamics\Dynamics</Filter>
    </ClCompile>
    <ClCompile Include="..\blocks\Cinder-Bullet3D\src\BulletPhysics\BulletDynamics\Dynamics\btSimpleDynamicsWorld.cpp">
      <Filter>Source Files\blocks\Cinder-Bullet3D\BulletPhysics\BulletDynamics\Dynamics</Filter>
    </ClCompile>
    <ClCompile Include="..\blocks\Cinder-Bullet3D\src\BulletPhysics\BulletDynamics\Featherstone\btMultiBody.cpp">
      <Filter>Source Files\blocks\Cinder-Bullet3D\BulletPhysics\BulletDynamics\Featherstone</Filter>
    </ClCompile>
    <ClCompile Include="..\blocks\Cinder-Bullet3D\src\BulletPhysics\BulletDynamics\Featherstone\btMultiBodyConstraint.cpp">
      <Filter>Source Files\blocks\Cinder-Bullet3D\BulletPhysics\BulletDynamics\Featherstone</Filter>
    </ClCompile>
    <ClCompile Include="..\blocks\Cinder-Bullet3D\src\BulletPhysics\BulletDynamics\Featherstone\btMultiBodyConstraintSolver.cpp">
      <Filter>Source Files\blocks\Cinder-Bullet3D\BulletPhysics\BulletDynamics\Featherstone</Filter>
    </ClCompile>
    <ClCompile Include="..\blocks\Cinder-Bullet3D\src\BulletPhysics\BulletDynamics\Featherstone\btMultiBodyDynamicsWorld.cpp">
      <Filter>Source Files\blocks\Cinder-Bullet3D\BulletPhysics\BulletDynamics\Featherstone</Filter>
    </ClCompile>
    <ClCompile Include="..\blocks\Cinder-Bullet3D\src\BulletPhysics\BulletDynamics\Featherstone\btMultiBodyJointLimitConstraint.cpp">
      <Filter>Source Files\blocks\Cinder-Bullet3D\BulletPhysics\BulletDynamics\Featherstone</Filter>
    </ClCompile>
    <ClCompile Include="..\blocks\Cinder-Bullet3D\src\BulletPhysics\BulletDynamics\Featherstone\btMultiBodyJointMotor.cpp">
      <Filter>Source Files\blocks\Cinder-Bullet3D\BulletPhysics\BulletDynamics\Featherstone</Filter>
    </ClCompile>
    <ClCompile Include="..\blocks\Cinder-Bullet3D\src\BulletPhysics\BulletDynamics\Featherstone\btMultiBodyPoint2Point.cpp">
      <Filter>Source Files\blocks\Cinder-Bullet3D\BulletPhysics\BulletDynamics\Featherstone</Filter>
    </ClCompile>
    <ClCompile Include="..\blocks\Cinder-Bullet3D\src\BulletPhysics\BulletDynamics\MLCPSolvers\btDantzigLCP.cpp">
      <Filter>Source Files\blocks\Cinder-Bullet3D\BulletPhysics\BulletDynamics\MLCPSolvers</Filter>
    </ClCompile>
    <ClCompile Include="..\blocks\Cinder-Bullet3D\src\BulletPhysics\BulletDynamics\MLCPSolvers\btLemkeAlgorithm.cpp">
      <Filter>Source Files\blocks\Cinder-Bullet3D\BulletPhysics\BulletDynamics\MLCPSolvers</Filter>
    </ClCompile>
    <ClCompile Include="..\blocks\Cinder-Bullet3D\src\BulletPhysics\BulletDynamics\MLCPSolvers\btMLCPSolver.cpp">
      <Filter>Source Files\blocks\Cinder-Bullet3D\BulletPhysics\BulletDynamics\MLCPSolvers</Filter>
    </ClCompile>
    <ClCompile Include="..\blocks\Cinder-Bullet3D\src\BulletPhysics\BulletDynamics\Vehicle\btRaycastVehicle.cpp">
      <Filter>Source Files\blocks\Cinder-Bullet3D\BulletPhysics\BulletDynamics\Vehicle</Filter>
    </ClCompile>
    <ClCompile Include="..\blocks\Cinder-Bullet3D\src\BulletPhysics\BulletDynamics\Vehicle\btWheelInfo.cpp">
      <Filter>Source Files\blocks\Cinder-Bullet3D\BulletPhysics\BulletDynamics\Vehicle</Filter>
    </ClCompile>
  </ItemGroup>
  <ItemGroup>
    <ClInclude Include="..\include\Resources.h">
      <Filter>Header Files</Filter>
    </ClInclude>
    <ClInclude Include="..\src\VisualizerApp.h">
      <Filter>Source Files</Filter>
    </ClInclude>
    <ClInclude Include="..\src\Particle.h">
      <Filter>Source Files</Filter>
    </ClInclude>
    <ClInclude Include="..\src\SettingsUi.h">
      <Filter>Source Files</Filter>
    </ClInclude>
    <ClInclude Include="..\blocks\Cinder-DSAPI\src\CiDSAPI.h">
      <Filter>Source Files\blocks\Cinder-DSAPI</Filter>
    </ClInclude>
    <ClInclude Include="..\blocks\Cinder-Bullet3D\src\Cinder-Bullet3D\BulletContext.h">
      <Filter>Source Files\blocks\Cinder-Bullet3D\Cinder-Bullet3D</Filter>
    </ClInclude>
    <ClInclude Include="..\blocks\Cinder-Bullet3D\src\Cinder-Bullet3D\Common.h">
      <Filter>Source Files\blocks\Cinder-Bullet3D\Cinder-Bullet3D</Filter>
    </ClInclude>
    <ClInclude Include="..\blocks\Cinder-Bullet3D\src\Cinder-Bullet3D\ConstraintBase.h">
      <Filter>Source Files\blocks\Cinder-Bullet3D\Cinder-Bullet3D</Filter>
    </ClInclude>
    <ClInclude Include="..\blocks\Cinder-Bullet3D\src\Cinder-Bullet3D\ConstraintConeTwist.h">
      <Filter>Source Files\blocks\Cinder-Bullet3D\Cinder-Bullet3D</Filter>
    </ClInclude>
    <ClInclude Include="..\blocks\Cinder-Bullet3D\src\Cinder-Bullet3D\ConstraintGeneric6Dof.h">
      <Filter>Source Files\blocks\Cinder-Bullet3D\Cinder-Bullet3D</Filter>
    </ClInclude>
    <ClInclude Include="..\blocks\Cinder-Bullet3D\src\Cinder-Bullet3D\ConstraintHinge.h">
      <Filter>Source Files\blocks\Cinder-Bullet3D\Cinder-Bullet3D</Filter>
    </ClInclude>
    <ClInclude Include="..\blocks\Cinder-Bullet3D\src\Cinder-Bullet3D\ConstraintPoint2Point.h">
      <Filter>Source Files\blocks\Cinder-Bullet3D\Cinder-Bullet3D</Filter>
    </ClInclude>
    <ClInclude Include="..\blocks\Cinder-Bullet3D\src\Cinder-Bullet3D\MotionState.h">
      <Filter>Source Files\blocks\Cinder-Bullet3D\Cinder-Bullet3D</Filter>
    </ClInclude>
    <ClInclude Include="..\blocks\Cinder-Bullet3D\src\Cinder-Bullet3D\PhyObjCharacterController.h">
      <Filter>Source Files\blocks\Cinder-Bullet3D\Cinder-Bullet3D</Filter>
    </ClInclude>
    <ClInclude Include="..\blocks\Cinder-Bullet3D\src\Cinder-Bullet3D\PhyObjTriggerVol.h">
      <Filter>Source Files\blocks\Cinder-Bullet3D\Cinder-Bullet3D</Filter>
    </ClInclude>
    <ClInclude Include="..\blocks\Cinder-Bullet3D\src\Cinder-Bullet3D\PhysicsDebugRenderable.h">
      <Filter>Source Files\blocks\Cinder-Bullet3D\Cinder-Bullet3D</Filter>
    </ClInclude>
    <ClInclude Include="..\blocks\Cinder-Bullet3D\src\Cinder-Bullet3D\RigidBody.h">
      <Filter>Source Files\blocks\Cinder-Bullet3D\Cinder-Bullet3D</Filter>
    </ClInclude>
    <ClInclude Include="..\blocks\Cinder-Bullet3D\src\Cinder-Bullet3D\SoftBody.h">
      <Filter>Source Files\blocks\Cinder-Bullet3D\Cinder-Bullet3D</Filter>
    </ClInclude>
    <ClInclude Include="..\blocks\Cinder-Bullet3D\src\BulletPhysics\btBulletCollisionCommon.h">
      <Filter>Source Files\blocks\Cinder-Bullet3D\BulletPhysics</Filter>
    </ClInclude>
    <ClInclude Include="..\blocks\Cinder-Bullet3D\src\BulletPhysics\btBulletDynamicsCommon.h">
      <Filter>Source Files\blocks\Cinder-Bullet3D\BulletPhysics</Filter>
    </ClInclude>
    <ClInclude Include="..\blocks\Cinder-Bullet3D\src\BulletPhysics\BulletSoftBody\btDefaultSoftBodySolver.h">
      <Filter>Source Files\blocks\Cinder-Bullet3D\BulletPhysics\BulletSoftBody</Filter>
    </ClInclude>
    <ClInclude Include="..\blocks\Cinder-Bullet3D\src\BulletPhysics\BulletSoftBody\btSoftBody.h">
      <Filter>Source Files\blocks\Cinder-Bullet3D\BulletPhysics\BulletSoftBody</Filter>
    </ClInclude>
    <ClInclude Include="..\blocks\Cinder-Bullet3D\src\BulletPhysics\BulletSoftBody\btSoftBodyConcaveCollisionAlgorithm.h">
      <Filter>Source Files\blocks\Cinder-Bullet3D\BulletPhysics\BulletSoftBody</Filter>
    </ClInclude>
    <ClInclude Include="..\blocks\Cinder-Bullet3D\src\BulletPhysics\BulletSoftBody\btSoftBodyData.h">
      <Filter>Source Files\blocks\Cinder-Bullet3D\BulletPhysics\BulletSoftBody</Filter>
    </ClInclude>
    <ClInclude Include="..\blocks\Cinder-Bullet3D\src\BulletPhysics\BulletSoftBody\btSoftBodyHelpers.h">
      <Filter>Source Files\blocks\Cinder-Bullet3D\BulletPhysics\BulletSoftBody</Filter>
    </ClInclude>
    <ClInclude Include="..\blocks\Cinder-Bullet3D\src\BulletPhysics\BulletSoftBody\btSoftBodyInternals.h">
      <Filter>Source Files\blocks\Cinder-Bullet3D\BulletPhysics\BulletSoftBody</Filter>
    </ClInclude>
    <ClInclude Include="..\blocks\Cinder-Bullet3D\src\BulletPhysics\BulletSoftBody\btSoftBodyRigidBodyCollisionConfiguration.h">
      <Filter>Source Files\blocks\Cinder-Bullet3D\BulletPhysics\BulletSoftBody</Filter>
    </ClInclude>
    <ClInclude Include="..\blocks\Cinder-Bullet3D\src\BulletPhysics\BulletSoftBody\btSoftBodySolvers.h">
      <Filter>Source Files\blocks\Cinder-Bullet3D\BulletPhysics\BulletSoftBody</Filter>
    </ClInclude>
    <ClInclude Include="..\blocks\Cinder-Bullet3D\src\BulletPhysics\BulletSoftBody\btSoftBodySolverVertexBuffer.h">
      <Filter>Source Files\blocks\Cinder-Bullet3D\BulletPhysics\BulletSoftBody</Filter>
    </ClInclude>
    <ClInclude Include="..\blocks\Cinder-Bullet3D\src\BulletPhysics\BulletSoftBody\btSoftRigidCollisionAlgorithm.h">
      <Filter>Source Files\blocks\Cinder-Bullet3D\BulletPhysics\BulletSoftBody</Filter>
    </ClInclude>
    <ClInclude Include="..\blocks\Cinder-Bullet3D\src\BulletPhysics\BulletSoftBody\btSoftRigidDynamicsWorld.h">
      <Filter>Source Files\blocks\Cinder-Bullet3D\BulletPhysics\BulletSoftBody</Filter>
    </ClInclude>
    <ClInclude Include="..\blocks\Cinder-Bullet3D\src\BulletPhysics\BulletSoftBody\btSoftSoftCollisionAlgorithm.h">
      <Filter>Source Files\blocks\Cinder-Bullet3D\BulletPhysics\BulletSoftBody</Filter>
    </ClInclude>
    <ClInclude Include="..\blocks\Cinder-Bullet3D\src\BulletPhysics\BulletSoftBody\btSparseSDF.h">
      <Filter>Source Files\blocks\Cinder-Bullet3D\BulletPhysics\BulletSoftBody</Filter>
    </ClInclude>
    <ClInclude Include="..\blocks\Cinder-Bullet3D\src\BulletPhysics\BulletCollision\BroadphaseCollision\btAxisSweep3.h">
      <Filter>Source Files\blocks\Cinder-Bullet3D\BulletPhysics\BulletCollision\BroadphaseCollision</Filter>
    </ClInclude>
    <ClInclude Include="..\blocks\Cinder-Bullet3D\src\BulletPhysics\BulletCollision\BroadphaseCollision\btBroadphaseInterface.h">
      <Filter>Source Files\blocks\Cinder-Bullet3D\BulletPhysics\BulletCollision\BroadphaseCollision</Filter>
    </ClInclude>
    <ClInclude Include="..\blocks\Cinder-Bullet3D\src\BulletPhysics\BulletCollision\BroadphaseCollision\btBroadphaseProxy.h">
      <Filter>Source Files\blocks\Cinder-Bullet3D\BulletPhysics\BulletCollision\BroadphaseCollision</Filter>
    </ClInclude>
    <ClInclude Include="..\blocks\Cinder-Bullet3D\src\BulletPhysics\BulletCollision\BroadphaseCollision\btCollisionAlgorithm.h">
      <Filter>Source Files\blocks\Cinder-Bullet3D\BulletPhysics\BulletCollision\BroadphaseCollision</Filter>
    </ClInclude>
    <ClInclude Include="..\blocks\Cinder-Bullet3D\src\BulletPhysics\BulletCollision\BroadphaseCollision\btDbvt.h">
      <Filter>Source Files\blocks\Cinder-Bullet3D\BulletPhysics\BulletCollision\BroadphaseCollision</Filter>
    </ClInclude>
    <ClInclude Include="..\blocks\Cinder-Bullet3D\src\BulletPhysics\BulletCollision\BroadphaseCollision\btDbvtBroadphase.h">
      <Filter>Source Files\blocks\Cinder-Bullet3D\BulletPhysics\BulletCollision\BroadphaseCollision</Filter>
    </ClInclude>
    <ClInclude Include="..\blocks\Cinder-Bullet3D\src\BulletPhysics\BulletCollision\BroadphaseCollision\btDispatcher.h">
      <Filter>Source Files\blocks\Cinder-Bullet3D\BulletPhysics\BulletCollision\BroadphaseCollision</Filter>
    </ClInclude>
    <ClInclude Include="..\blocks\Cinder-Bullet3D\src\BulletPhysics\BulletCollision\BroadphaseCollision\btMultiSapBroadphase.h">
      <Filter>Source Files\blocks\Cinder-Bullet3D\BulletPhysics\BulletCollision\BroadphaseCollision</Filter>
    </ClInclude>
    <ClInclude Include="..\blocks\Cinder-Bullet3D\src\BulletPhysics\BulletCollision\BroadphaseCollision\btOverlappingPairCache.h">
      <Filter>Source Files\blocks\Cinder-Bullet3D\BulletPhysics\BulletCollision\BroadphaseCollision</Filter>
    </ClInclude>
    <ClInclude Include="..\blocks\Cinder-Bullet3D\src\BulletPhysics\BulletCollision\BroadphaseCollision\btOverlappingPairCallback.h">
      <Filter>Source Files\blocks\Cinder-Bullet3D\BulletPhysics\BulletCollision\BroadphaseCollision</Filter>
    </ClInclude>
    <ClInclude Include="..\blocks\Cinder-Bullet3D\src\BulletPhysics\BulletCollision\BroadphaseCollision\btQuantizedBvh.h">
      <Filter>Source Files\blocks\Cinder-Bullet3D\BulletPhysics\BulletCollision\BroadphaseCollision</Filter>
    </ClInclude>
    <ClInclude Include="..\blocks\Cinder-Bullet3D\src\BulletPhysics\BulletCollision\BroadphaseCollision\btSimpleBroadphase.h">
      <Filter>Source Files\blocks\Cinder-Bullet3D\BulletPhysics\BulletCollision\BroadphaseCollision</Filter>
    </ClInclude>
    <ClInclude Include="..\blocks\Cinder-Bullet3D\src\BulletPhysics\BulletCollision\CollisionDispatch\btCollisionWorldImporter.h">
      <Filter>Source Files\blocks\Cinder-Bullet3D\BulletPhysics\BulletCollision\CollisionDispatch</Filter>
    </ClInclude>
    <ClInclude Include="..\blocks\Cinder-Bullet3D\src\BulletPhysics\BulletCollision\CollisionDispatch\btCompoundCollisionAlgorithm.h">
      <Filter>Source Files\blocks\Cinder-Bullet3D\BulletPhysics\BulletCollision\CollisionDispatch</Filter>
    </ClInclude>
    <ClInclude Include="..\blocks\Cinder-Bullet3D\src\BulletPhysics\BulletCollision\CollisionDispatch\btCompoundCompoundCollisionAlgorithm.h">
      <Filter>Source Files\blocks\Cinder-Bullet3D\BulletPhysics\BulletCollision\CollisionDispatch</Filter>
    </ClInclude>
    <ClInclude Include="..\blocks\Cinder-Bullet3D\src\BulletPhysics\BulletCollision\CollisionDispatch\btConvex2dConvex2dAlgorithm.h">
      <Filter>Source Files\blocks\Cinder-Bullet3D\BulletPhysics\BulletCollision\CollisionDispatch</Filter>
    </ClInclude>
    <ClInclude Include="..\blocks\Cinder-Bullet3D\src\BulletPhysics\BulletCollision\CollisionDispatch\btConvexConcaveCollisionAlgorithm.h">
      <Filter>Source Files\blocks\Cinder-Bullet3D\BulletPhysics\BulletCollision\CollisionDispatch</Filter>
    </ClInclude>
    <ClInclude Include="..\blocks\Cinder-Bullet3D\src\BulletPhysics\BulletCollision\CollisionDispatch\btConvexConvexAlgorithm.h">
      <Filter>Source Files\blocks\Cinder-Bullet3D\BulletPhysics\BulletCollision\CollisionDispatch</Filter>
    </ClInclude>
    <ClInclude Include="..\blocks\Cinder-Bullet3D\src\BulletPhysics\BulletCollision\CollisionDispatch\btConvexPlaneCollisionAlgorithm.h">
      <Filter>Source Files\blocks\Cinder-Bullet3D\BulletPhysics\BulletCollision\CollisionDispatch</Filter>
    </ClInclude>
    <ClInclude Include="..\blocks\Cinder-Bullet3D\src\BulletPhysics\BulletCollision\CollisionDispatch\btDefaultCollisionConfiguration.h">
      <Filter>Source Files\blocks\Cinder-Bullet3D\BulletPhysics\BulletCollision\CollisionDispatch</Filter>
    </ClInclude>
    <ClInclude Include="..\blocks\Cinder-Bullet3D\src\BulletPhysics\BulletCollision\CollisionDispatch\btEmptyCollisionAlgorithm.h">
      <Filter>Source Files\blocks\Cinder-Bullet3D\BulletPhysics\BulletCollision\CollisionDispatch</Filter>
    </ClInclude>
    <ClInclude Include="..\blocks\Cinder-Bullet3D\src\BulletPhysics\BulletCollision\CollisionDispatch\btGhostObject.h">
      <Filter>Source Files\blocks\Cinder-Bullet3D\BulletPhysics\BulletCollision\CollisionDispatch</Filter>
    </ClInclude>
    <ClInclude Include="..\blocks\Cinder-Bullet3D\src\BulletPhysics\BulletCollision\CollisionDispatch\btHashedSimplePairCache.h">
      <Filter>Source Files\blocks\Cinder-Bullet3D\BulletPhysics\BulletCollision\CollisionDispatch</Filter>
    </ClInclude>
    <ClInclude Include="..\blocks\Cinder-Bullet3D\src\BulletPhysics\BulletCollision\CollisionDispatch\btInternalEdgeUtility.h">
      <Filter>Source Files\blocks\Cinder-Bullet3D\BulletPhysics\BulletCollision\CollisionDispatch</Filter>
    </ClInclude>
    <ClInclude Include="..\blocks\Cinder-Bullet3D\src\BulletPhysics\BulletCollision\CollisionDispatch\btManifoldResult.h">
      <Filter>Source Files\blocks\Cinder-Bullet3D\BulletPhysics\BulletCollision\CollisionDispatch</Filter>
    </ClInclude>
    <ClInclude Include="..\blocks\Cinder-Bullet3D\src\BulletPhysics\BulletCollision\CollisionDispatch\btSimulationIslandManager.h">
      <Filter>Source Files\blocks\Cinder-Bullet3D\BulletPhysics\BulletCollision\CollisionDispatch</Filter>
    </ClInclude>
    <ClInclude Include="..\blocks\Cinder-Bullet3D\src\BulletPhysics\BulletCollision\CollisionDispatch\btSphereBoxCollisionAlgorithm.h">
      <Filter>Source Files\blocks\Cinder-Bullet3D\BulletPhysics\BulletCollision\CollisionDispatch</Filter>
    </ClInclude>
    <ClInclude Include="..\blocks\Cinder-Bullet3D\src\BulletPhysics\BulletCollision\CollisionDispatch\btSphereSphereCollisionAlgorithm.h">
      <Filter>Source Files\blocks\Cinder-Bullet3D\BulletPhysics\BulletCollision\CollisionDispatch</Filter>
    </ClInclude>
    <ClInclude Include="..\blocks\Cinder-Bullet3D\src\BulletPhysics\BulletCollision\CollisionDispatch\btSphereTriangleCollisionAlgorithm.h">
      <Filter>Source Files\blocks\Cinder-Bullet3D\BulletPhysics\BulletCollision\CollisionDispatch</Filter>
    </ClInclude>
    <ClInclude Include="..\blocks\Cinder-Bullet3D\src\BulletPhysics\BulletCollision\CollisionDispatch\btUnionFind.h">
      <Filter>Source Files\blocks\Cinder-Bullet3D\BulletPhysics\BulletCollision\CollisionDispatch</Filter>
    </ClInclude>
    <ClInclude Include="..\blocks\Cinder-Bullet3D\src\BulletPhysics\BulletCollision\CollisionDispatch\SphereTriangleDetector.h">
      <Filter>Source Files\blocks\Cinder-Bullet3D\BulletPhysics\BulletCollision\CollisionDispatch</Filter>
    </ClInclude>
    <ClInclude Include="..\blocks\Cinder-Bullet3D\src\BulletPhysics\BulletCollision\CollisionDispatch\btActivatingCollisionAlgorithm.h">
      <Filter>Source Files\blocks\Cinder-Bullet3D\BulletPhysics\BulletCollision\CollisionDispatch</Filter>
    </ClInclude>
    <ClInclude Include="..\blocks\Cinder-Bullet3D\src\BulletPhysics\BulletCollision\CollisionDispatch\btBox2dBox2dCollisionAlgorithm.h">
      <Filter>Source Files\blocks\Cinder-Bullet3D\BulletPhysics\BulletCollision\CollisionDispatch</Filter>
    </ClInclude>
    <ClInclude Include="..\blocks\Cinder-Bullet3D\src\BulletPhysics\BulletCollision\CollisionDispatch\btBoxBoxCollisionAlgorithm.h">
      <Filter>Source Files\blocks\Cinder-Bullet3D\BulletPhysics\BulletCollision\CollisionDispatch</Filter>
    </ClInclude>
    <ClInclude Include="..\blocks\Cinder-Bullet3D\src\BulletPhysics\BulletCollision\CollisionDispatch\btBoxBoxDetector.h">
      <Filter>Source Files\blocks\Cinder-Bullet3D\BulletPhysics\BulletCollision\CollisionDispatch</Filter>
    </ClInclude>
    <ClInclude Include="..\blocks\Cinder-Bullet3D\src\BulletPhysics\BulletCollision\CollisionDispatch\btCollisionConfiguration.h">
      <Filter>Source Files\blocks\Cinder-Bullet3D\BulletPhysics\BulletCollision\CollisionDispatch</Filter>
    </ClInclude>
    <ClInclude Include="..\blocks\Cinder-Bullet3D\src\BulletPhysics\BulletCollision\CollisionDispatch\btCollisionCreateFunc.h">
      <Filter>Source Files\blocks\Cinder-Bullet3D\BulletPhysics\BulletCollision\CollisionDispatch</Filter>
    </ClInclude>
    <ClInclude Include="..\blocks\Cinder-Bullet3D\src\BulletPhysics\BulletCollision\CollisionDispatch\btCollisionDispatcher.h">
      <Filter>Source Files\blocks\Cinder-Bullet3D\BulletPhysics\BulletCollision\CollisionDispatch</Filter>
    </ClInclude>
    <ClInclude Include="..\blocks\Cinder-Bullet3D\src\BulletPhysics\BulletCollision\CollisionDispatch\btCollisionObject.h">
      <Filter>Source Files\blocks\Cinder-Bullet3D\BulletPhysics\BulletCollision\CollisionDispatch</Filter>
    </ClInclude>
    <ClInclude Include="..\blocks\Cinder-Bullet3D\src\BulletPhysics\BulletCollision\CollisionDispatch\btCollisionObjectWrapper.h">
      <Filter>Source Files\blocks\Cinder-Bullet3D\BulletPhysics\BulletCollision\CollisionDispatch</Filter>
    </ClInclude>
    <ClInclude Include="..\blocks\Cinder-Bullet3D\src\BulletPhysics\BulletCollision\CollisionDispatch\btCollisionWorld.h">
      <Filter>Source Files\blocks\Cinder-Bullet3D\BulletPhysics\BulletCollision\CollisionDispatch</Filter>
    </ClInclude>
    <ClInclude Include="..\blocks\Cinder-Bullet3D\src\BulletPhysics\BulletCollision\CollisionShapes\btOptimizedBvh.h">
      <Filter>Source Files\blocks\Cinder-Bullet3D\BulletPhysics\BulletCollision\CollisionShapes</Filter>
    </ClInclude>
    <ClInclude Include="..\blocks\Cinder-Bullet3D\src\BulletPhysics\BulletCollision\CollisionShapes\btPolyhedralConvexShape.h">
      <Filter>Source Files\blocks\Cinder-Bullet3D\BulletPhysics\BulletCollision\CollisionShapes</Filter>
    </ClInclude>
    <ClInclude Include="..\blocks\Cinder-Bullet3D\src\BulletPhysics\BulletCollision\CollisionShapes\btScaledBvhTriangleMeshShape.h">
      <Filter>Source Files\blocks\Cinder-Bullet3D\BulletPhysics\BulletCollision\CollisionShapes</Filter>
    </ClInclude>
    <ClInclude Include="..\blocks\Cinder-Bullet3D\src\BulletPhysics\BulletCollision\CollisionShapes\btShapeHull.h">
      <Filter>Source Files\blocks\Cinder-Bullet3D\BulletPhysics\BulletCollision\CollisionShapes</Filter>
    </ClInclude>
    <ClInclude Include="..\blocks\Cinder-Bullet3D\src\BulletPhysics\BulletCollision\CollisionShapes\btSphereShape.h">
      <Filter>Source Files\blocks\Cinder-Bullet3D\BulletPhysics\BulletCollision\CollisionShapes</Filter>
    </ClInclude>
    <ClInclude Include="..\blocks\Cinder-Bullet3D\src\BulletPhysics\BulletCollision\CollisionShapes\btStaticPlaneShape.h">
      <Filter>Source Files\blocks\Cinder-Bullet3D\BulletPhysics\BulletCollision\CollisionShapes</Filter>
    </ClInclude>
    <ClInclude Include="..\blocks\Cinder-Bullet3D\src\BulletPhysics\BulletCollision\CollisionShapes\btStridingMeshInterface.h">
      <Filter>Source Files\blocks\Cinder-Bullet3D\BulletPhysics\BulletCollision\CollisionShapes</Filter>
    </ClInclude>
    <ClInclude Include="..\blocks\Cinder-Bullet3D\src\BulletPhysics\BulletCollision\CollisionShapes\btTetrahedronShape.h">
      <Filter>Source Files\blocks\Cinder-Bullet3D\BulletPhysics\BulletCollision\CollisionShapes</Filter>
    </ClInclude>
    <ClInclude Include="..\blocks\Cinder-Bullet3D\src\BulletPhysics\BulletCollision\CollisionShapes\btTriangleBuffer.h">
      <Filter>Source Files\blocks\Cinder-Bullet3D\BulletPhysics\BulletCollision\CollisionShapes</Filter>
    </ClInclude>
    <ClInclude Include="..\blocks\Cinder-Bullet3D\src\BulletPhysics\BulletCollision\CollisionShapes\btTriangleCallback.h">
      <Filter>Source Files\blocks\Cinder-Bullet3D\BulletPhysics\BulletCollision\CollisionShapes</Filter>
    </ClInclude>
    <ClInclude Include="..\blocks\Cinder-Bullet3D\src\BulletPhysics\BulletCollision\CollisionShapes\btTriangleIndexVertexArray.h">
      <Filter>Source Files\blocks\Cinder-Bullet3D\BulletPhysics\BulletCollision\CollisionShapes</Filter>
    </ClInclude>
    <ClInclude Include="..\blocks\Cinder-Bullet3D\src\BulletPhysics\BulletCollision\CollisionShapes\btTriangleIndexVertexMaterialArray.h">
      <Filter>Source Files\blocks\Cinder-Bullet3D\BulletPhysics\BulletCollision\CollisionShapes</Filter>
    </ClInclude>
    <ClInclude Include="..\blocks\Cinder-Bullet3D\src\BulletPhysics\BulletCollision\CollisionShapes\btTriangleInfoMap.h">
      <Filter>Source Files\blocks\Cinder-Bullet3D\BulletPhysics\BulletCollision\CollisionShapes</Filter>
    </ClInclude>
    <ClInclude Include="..\blocks\Cinder-Bullet3D\src\BulletPhysics\BulletCollision\CollisionShapes\btTriangleMesh.h">
      <Filter>Source Files\blocks\Cinder-Bullet3D\BulletPhysics\BulletCollision\CollisionShapes</Filter>
    </ClInclude>
    <ClInclude Include="..\blocks\Cinder-Bullet3D\src\BulletPhysics\BulletCollision\CollisionShapes\btTriangleMeshShape.h">
      <Filter>Source Files\blocks\Cinder-Bullet3D\BulletPhysics\BulletCollision\CollisionShapes</Filter>
    </ClInclude>
    <ClInclude Include="..\blocks\Cinder-Bullet3D\src\BulletPhysics\BulletCollision\CollisionShapes\btTriangleShape.h">
      <Filter>Source Files\blocks\Cinder-Bullet3D\BulletPhysics\BulletCollision\CollisionShapes</Filter>
    </ClInclude>
    <ClInclude Include="..\blocks\Cinder-Bullet3D\src\BulletPhysics\BulletCollision\CollisionShapes\btUniformScalingShape.h">
      <Filter>Source Files\blocks\Cinder-Bullet3D\BulletPhysics\BulletCollision\CollisionShapes</Filter>
    </ClInclude>
    <ClInclude Include="..\blocks\Cinder-Bullet3D\src\BulletPhysics\BulletCollision\CollisionShapes\btBox2dShape.h">
      <Filter>Source Files\blocks\Cinder-Bullet3D\BulletPhysics\BulletCollision\CollisionShapes</Filter>
    </ClInclude>
    <ClInclude Include="..\blocks\Cinder-Bullet3D\src\BulletPhysics\BulletCollision\CollisionShapes\btBoxShape.h">
      <Filter>Source Files\blocks\Cinder-Bullet3D\BulletPhysics\BulletCollision\CollisionShapes</Filter>
    </ClInclude>
    <ClInclude Include="..\blocks\Cinder-Bullet3D\src\BulletPhysics\BulletCollision\CollisionShapes\btBvhTriangleMeshShape.h">
      <Filter>Source Files\blocks\Cinder-Bullet3D\BulletPhysics\BulletCollision\CollisionShapes</Filter>
    </ClInclude>
    <ClInclude Include="..\blocks\Cinder-Bullet3D\src\BulletPhysics\BulletCollision\CollisionShapes\btCapsuleShape.h">
      <Filter>Source Files\blocks\Cinder-Bullet3D\BulletPhysics\BulletCollision\CollisionShapes</Filter>
    </ClInclude>
    <ClInclude Include="..\blocks\Cinder-Bullet3D\src\BulletPhysics\BulletCollision\CollisionShapes\btCollisionMargin.h">
      <Filter>Source Files\blocks\Cinder-Bullet3D\BulletPhysics\BulletCollision\CollisionShapes</Filter>
    </ClInclude>
    <ClInclude Include="..\blocks\Cinder-Bullet3D\src\BulletPhysics\BulletCollision\CollisionShapes\btCollisionShape.h">
      <Filter>Source Files\blocks\Cinder-Bullet3D\BulletPhysics\BulletCollision\CollisionShapes</Filter>
    </ClInclude>
    <ClInclude Include="..\blocks\Cinder-Bullet3D\src\BulletPhysics\BulletCollision\CollisionShapes\btCompoundShape.h">
      <Filter>Source Files\blocks\Cinder-Bullet3D\BulletPhysics\BulletCollision\CollisionShapes</Filter>
    </ClInclude>
    <ClInclude Include="..\blocks\Cinder-Bullet3D\src\BulletPhysics\BulletCollision\CollisionShapes\btConcaveShape.h">
      <Filter>Source Files\blocks\Cinder-Bullet3D\BulletPhysics\BulletCollision\CollisionShapes</Filter>
    </ClInclude>
    <ClInclude Include="..\blocks\Cinder-Bullet3D\src\BulletPhysics\BulletCollision\CollisionShapes\btConeShape.h">
      <Filter>Source Files\blocks\Cinder-Bullet3D\BulletPhysics\BulletCollision\CollisionShapes</Filter>
    </ClInclude>
    <ClInclude Include="..\blocks\Cinder-Bullet3D\src\BulletPhysics\BulletCollision\CollisionShapes\btConvex2dShape.h">
      <Filter>Source Files\blocks\Cinder-Bullet3D\BulletPhysics\BulletCollision\CollisionShapes</Filter>
    </ClInclude>
    <ClInclude Include="..\blocks\Cinder-Bullet3D\src\BulletPhysics\BulletCollision\CollisionShapes\btConvexHullShape.h">
      <Filter>Source Files\blocks\Cinder-Bullet3D\BulletPhysics\BulletCollision\CollisionShapes</Filter>
    </ClInclude>
    <ClInclude Include="..\blocks\Cinder-Bullet3D\src\BulletPhysics\BulletCollision\CollisionShapes\btConvexInternalShape.h">
      <Filter>Source Files\blocks\Cinder-Bullet3D\BulletPhysics\BulletCollision\CollisionShapes</Filter>
    </ClInclude>
    <ClInclude Include="..\blocks\Cinder-Bullet3D\src\BulletPhysics\BulletCollision\CollisionShapes\btConvexPointCloudShape.h">
      <Filter>Source Files\blocks\Cinder-Bullet3D\BulletPhysics\BulletCollision\CollisionShapes</Filter>
    </ClInclude>
    <ClInclude Include="..\blocks\Cinder-Bullet3D\src\BulletPhysics\BulletCollision\CollisionShapes\btConvexPolyhedron.h">
      <Filter>Source Files\blocks\Cinder-Bullet3D\BulletPhysics\BulletCollision\CollisionShapes</Filter>
    </ClInclude>
    <ClInclude Include="..\blocks\Cinder-Bullet3D\src\BulletPhysics\BulletCollision\CollisionShapes\btConvexShape.h">
      <Filter>Source Files\blocks\Cinder-Bullet3D\BulletPhysics\BulletCollision\CollisionShapes</Filter>
    </ClInclude>
    <ClInclude Include="..\blocks\Cinder-Bullet3D\src\BulletPhysics\BulletCollision\CollisionShapes\btConvexTriangleMeshShape.h">
      <Filter>Source Files\blocks\Cinder-Bullet3D\BulletPhysics\BulletCollision\CollisionShapes</Filter>
    </ClInclude>
    <ClInclude Include="..\blocks\Cinder-Bullet3D\src\BulletPhysics\BulletCollision\CollisionShapes\btCylinderShape.h">
      <Filter>Source Files\blocks\Cinder-Bullet3D\BulletPhysics\BulletCollision\CollisionShapes</Filter>
    </ClInclude>
    <ClInclude Include="..\blocks\Cinder-Bullet3D\src\BulletPhysics\BulletCollision\CollisionShapes\btEmptyShape.h">
      <Filter>Source Files\blocks\Cinder-Bullet3D\BulletPhysics\BulletCollision\CollisionShapes</Filter>
    </ClInclude>
    <ClInclude Include="..\blocks\Cinder-Bullet3D\src\BulletPhysics\BulletCollision\CollisionShapes\btHeightfieldTerrainShape.h">
      <Filter>Source Files\blocks\Cinder-Bullet3D\BulletPhysics\BulletCollision\CollisionShapes</Filter>
    </ClInclude>
    <ClInclude Include="..\blocks\Cinder-Bullet3D\src\BulletPhysics\BulletCollision\CollisionShapes\btMaterial.h">
      <Filter>Source Files\blocks\Cinder-Bullet3D\BulletPhysics\BulletCollision\CollisionShapes</Filter>
    </ClInclude>
    <ClInclude Include="..\blocks\Cinder-Bullet3D\src\BulletPhysics\BulletCollision\CollisionShapes\btMinkowskiSumShape.h">
      <Filter>Source Files\blocks\Cinder-Bullet3D\BulletPhysics\BulletCollision\CollisionShapes</Filter>
    </ClInclude>
    <ClInclude Include="..\blocks\Cinder-Bullet3D\src\BulletPhysics\BulletCollision\CollisionShapes\btMultimaterialTriangleMeshShape.h">
      <Filter>Source Files\blocks\Cinder-Bullet3D\BulletPhysics\BulletCollision\CollisionShapes</Filter>
    </ClInclude>
    <ClInclude Include="..\blocks\Cinder-Bullet3D\src\BulletPhysics\BulletCollision\CollisionShapes\btMultiSphereShape.h">
      <Filter>Source Files\blocks\Cinder-Bullet3D\BulletPhysics\BulletCollision\CollisionShapes</Filter>
    </ClInclude>
    <ClInclude Include="..\blocks\Cinder-Bullet3D\src\BulletPhysics\BulletCollision\Gimpact\btBoxCollision.h">
      <Filter>Source Files\blocks\Cinder-Bullet3D\BulletPhysics\BulletCollision\Gimpact</Filter>
    </ClInclude>
    <ClInclude Include="..\blocks\Cinder-Bullet3D\src\BulletPhysics\BulletCollision\Gimpact\btClipPolygon.h">
      <Filter>Source Files\blocks\Cinder-Bullet3D\BulletPhysics\BulletCollision\Gimpact</Filter>
    </ClInclude>
    <ClInclude Include="..\blocks\Cinder-Bullet3D\src\BulletPhysics\BulletCollision\Gimpact\btCompoundFromGimpact.h">
      <Filter>Source Files\blocks\Cinder-Bullet3D\BulletPhysics\BulletCollision\Gimpact</Filter>
    </ClInclude>
    <ClInclude Include="..\blocks\Cinder-Bullet3D\src\BulletPhysics\BulletCollision\Gimpact\btContactProcessing.h">
      <Filter>Source Files\blocks\Cinder-Bullet3D\BulletPhysics\BulletCollision\Gimpact</Filter>
    </ClInclude>
    <ClInclude Include="..\blocks\Cinder-Bullet3D\src\BulletPhysics\BulletCollision\Gimpact\btGenericPoolAllocator.h">
      <Filter>Source Files\blocks\Cinder-Bullet3D\BulletPhysics\BulletCollision\Gimpact</Filter>
    </ClInclude>
    <ClInclude Include="..\blocks\Cinder-Bullet3D\src\BulletPhysics\BulletCollision\Gimpact\btGeometryOperations.h">
      <Filter>Source Files\blocks\Cinder-Bullet3D\BulletPhysics\BulletCollision\Gimpact</Filter>
    </ClInclude>
    <ClInclude Include="..\blocks\Cinder-Bullet3D\src\BulletPhysics\BulletCollision\Gimpact\btGImpactBvh.h">
      <Filter>Source Files\blocks\Cinder-Bullet3D\BulletPhysics\BulletCollision\Gimpact</Filter>
    </ClInclude>
    <ClInclude Include="..\blocks\Cinder-Bullet3D\src\BulletPhysics\BulletCollision\Gimpact\btGImpactCollisionAlgorithm.h">
      <Filter>Source Files\blocks\Cinder-Bullet3D\BulletPhysics\BulletCollision\Gimpact</Filter>
    </ClInclude>
    <ClInclude Include="..\blocks\Cinder-Bullet3D\src\BulletPhysics\BulletCollision\Gimpact\btGImpactMassUtil.h">
      <Filter>Source Files\blocks\Cinder-Bullet3D\BulletPhysics\BulletCollision\Gimpact</Filter>
    </ClInclude>
    <ClInclude Include="..\blocks\Cinder-Bullet3D\src\BulletPhysics\BulletCollision\Gimpact\btGImpactQuantizedBvh.h">
      <Filter>Source Files\blocks\Cinder-Bullet3D\BulletPhysics\BulletCollision\Gimpact</Filter>
    </ClInclude>
    <ClInclude Include="..\blocks\Cinder-Bullet3D\src\BulletPhysics\BulletCollision\Gimpact\btGImpactShape.h">
      <Filter>Source Files\blocks\Cinder-Bullet3D\BulletPhysics\BulletCollision\Gimpact</Filter>
    </ClInclude>
    <ClInclude Include="..\blocks\Cinder-Bullet3D\src\BulletPhysics\BulletCollision\Gimpact\btQuantization.h">
      <Filter>Source Files\blocks\Cinder-Bullet3D\BulletPhysics\BulletCollision\Gimpact</Filter>
    </ClInclude>
    <ClInclude Include="..\blocks\Cinder-Bullet3D\src\BulletPhysics\BulletCollision\Gimpact\btTriangleShapeEx.h">
      <Filter>Source Files\blocks\Cinder-Bullet3D\BulletPhysics\BulletCollision\Gimpact</Filter>
    </ClInclude>
    <ClInclude Include="..\blocks\Cinder-Bullet3D\src\BulletPhysics\BulletCollision\Gimpact\gim_array.h">
      <Filter>Source Files\blocks\Cinder-Bullet3D\BulletPhysics\BulletCollision\Gimpact</Filter>
    </ClInclude>
    <ClInclude Include="..\blocks\Cinder-Bullet3D\src\BulletPhysics\BulletCollision\Gimpact\gim_basic_geometry_operations.h">
      <Filter>Source Files\blocks\Cinder-Bullet3D\BulletPhysics\BulletCollision\Gimpact</Filter>
    </ClInclude>
    <ClInclude Include="..\blocks\Cinder-Bullet3D\src\BulletPhysics\BulletCollision\Gimpact\gim_bitset.h">
      <Filter>Source Files\blocks\Cinder-Bullet3D\BulletPhysics\BulletCollision\Gimpact</Filter>
    </ClInclude>
    <ClInclude Include="..\blocks\Cinder-Bullet3D\src\BulletPhysics\BulletCollision\Gimpact\gim_box_collision.h">
      <Filter>Source Files\blocks\Cinder-Bullet3D\BulletPhysics\BulletCollision\Gimpact</Filter>
    </ClInclude>
    <ClInclude Include="..\blocks\Cinder-Bullet3D\src\BulletPhysics\BulletCollision\Gimpact\gim_box_set.h">
      <Filter>Source Files\blocks\Cinder-Bullet3D\BulletPhysics\BulletCollision\Gimpact</Filter>
    </ClInclude>
    <ClInclude Include="..\blocks\Cinder-Bullet3D\src\BulletPhysics\BulletCollision\Gimpact\gim_clip_polygon.h">
      <Filter>Source Files\blocks\Cinder-Bullet3D\BulletPhysics\BulletCollision\Gimpact</Filter>
    </ClInclude>
    <ClInclude Include="..\blocks\Cinder-Bullet3D\src\BulletPhysics\BulletCollision\Gimpact\gim_contact.h">
      <Filter>Source Files\blocks\Cinder-Bullet3D\BulletPhysics\BulletCollision\Gimpact</Filter>
    </ClInclude>
    <ClInclude Include="..\blocks\Cinder-Bullet3D\src\BulletPhysics\BulletCollision\Gimpact\gim_geom_types.h">
      <Filter>Source Files\blocks\Cinder-Bullet3D\BulletPhysics\BulletCollision\Gimpact</Filter>
    </ClInclude>
    <ClInclude Include="..\blocks\Cinder-Bullet3D\src\BulletPhysics\BulletCollision\Gimpact\gim_geometry.h">
      <Filter>Source Files\blocks\Cinder-Bullet3D\BulletPhysics\BulletCollision\Gimpact</Filter>
    </ClInclude>
    <ClInclude Include="..\blocks\Cinder-Bullet3D\src\BulletPhysics\BulletCollision\Gimpact\gim_hash_table.h">
      <Filter>Source Files\blocks\Cinder-Bullet3D\BulletPhysics\BulletCollision\Gimpact</Filter>
    </ClInclude>
    <ClInclude Include="..\blocks\Cinder-Bullet3D\src\BulletPhysics\BulletCollision\Gimpact\gim_linear_math.h">
      <Filter>Source Files\blocks\Cinder-Bullet3D\BulletPhysics\BulletCollision\Gimpact</Filter>
    </ClInclude>
    <ClInclude Include="..\blocks\Cinder-Bullet3D\src\BulletPhysics\BulletCollision\Gimpact\gim_math.h">
      <Filter>Source Files\blocks\Cinder-Bullet3D\BulletPhysics\BulletCollision\Gimpact</Filter>
    </ClInclude>
    <ClInclude Include="..\blocks\Cinder-Bullet3D\src\BulletPhysics\BulletCollision\Gimpact\gim_memory.h">
      <Filter>Source Files\blocks\Cinder-Bullet3D\BulletPhysics\BulletCollision\Gimpact</Filter>
    </ClInclude>
    <ClInclude Include="..\blocks\Cinder-Bullet3D\src\BulletPhysics\BulletCollision\Gimpact\gim_radixsort.h">
      <Filter>Source Files\blocks\Cinder-Bullet3D\BulletPhysics\BulletCollision\Gimpact</Filter>
    </ClInclude>
    <ClInclude Include="..\blocks\Cinder-Bullet3D\src\BulletPhysics\BulletCollision\Gimpact\gim_tri_collision.h">
      <Filter>Source Files\blocks\Cinder-Bullet3D\BulletPhysics\BulletCollision\Gimpact</Filter>
    </ClInclude>
    <ClInclude Include="..\blocks\Cinder-Bullet3D\src\BulletPhysics\BulletCollision\NarrowPhaseCollision\btComputeGjkEpaPenetration.h">
      <Filter>Source Files\blocks\Cinder-Bullet3D\BulletPhysics\BulletCollision\NarrowPhaseCollision</Filter>
    </ClInclude>
    <ClInclude Include="..\blocks\Cinder-Bullet3D\src\BulletPhysics\BulletCollision\NarrowPhaseCollision\btContinuousConvexCollision.h">
      <Filter>Source Files\blocks\Cinder-Bullet3D\BulletPhysics\BulletCollision\NarrowPhaseCollision</Filter>
    </ClInclude>
    <ClInclude Include="..\blocks\Cinder-Bullet3D\src\BulletPhysics\BulletCollision\NarrowPhaseCollision\btConvexCast.h">
      <Filter>Source Files\blocks\Cinder-Bullet3D\BulletPhysics\BulletCollision\NarrowPhaseCollision</Filter>
    </ClInclude>
    <ClInclude Include="..\blocks\Cinder-Bullet3D\src\BulletPhysics\BulletCollision\NarrowPhaseCollision\btConvexPenetrationDepthSolver.h">
      <Filter>Source Files\blocks\Cinder-Bullet3D\BulletPhysics\BulletCollision\NarrowPhaseCollision</Filter>
    </ClInclude>
    <ClInclude Include="..\blocks\Cinder-Bullet3D\src\BulletPhysics\BulletCollision\NarrowPhaseCollision\btDiscreteCollisionDetectorInterface.h">
      <Filter>Source Files\blocks\Cinder-Bullet3D\BulletPhysics\BulletCollision\NarrowPhaseCollision</Filter>
    </ClInclude>
    <ClInclude Include="..\blocks\Cinder-Bullet3D\src\BulletPhysics\BulletCollision\NarrowPhaseCollision\btGjkCollisionDescription.h">
      <Filter>Source Files\blocks\Cinder-Bullet3D\BulletPhysics\BulletCollision\NarrowPhaseCollision</Filter>
    </ClInclude>
    <ClInclude Include="..\blocks\Cinder-Bullet3D\src\BulletPhysics\BulletCollision\NarrowPhaseCollision\btGjkConvexCast.h">
      <Filter>Source Files\blocks\Cinder-Bullet3D\BulletPhysics\BulletCollision\NarrowPhaseCollision</Filter>
    </ClInclude>
    <ClInclude Include="..\blocks\Cinder-Bullet3D\src\BulletPhysics\BulletCollision\NarrowPhaseCollision\btGjkEpa2.h">
      <Filter>Source Files\blocks\Cinder-Bullet3D\BulletPhysics\BulletCollision\NarrowPhaseCollision</Filter>
    </ClInclude>
    <ClInclude Include="..\blocks\Cinder-Bullet3D\src\BulletPhysics\BulletCollision\NarrowPhaseCollision\btGjkEpa3.h">
      <Filter>Source Files\blocks\Cinder-Bullet3D\BulletPhysics\BulletCollision\NarrowPhaseCollision</Filter>
    </ClInclude>
    <ClInclude Include="..\blocks\Cinder-Bullet3D\src\BulletPhysics\BulletCollision\NarrowPhaseCollision\btGjkEpaPenetrationDepthSolver.h">
      <Filter>Source Files\blocks\Cinder-Bullet3D\BulletPhysics\BulletCollision\NarrowPhaseCollision</Filter>
    </ClInclude>
    <ClInclude Include="..\blocks\Cinder-Bullet3D\src\BulletPhysics\BulletCollision\NarrowPhaseCollision\btGjkPairDetector.h">
      <Filter>Source Files\blocks\Cinder-Bullet3D\BulletPhysics\BulletCollision\NarrowPhaseCollision</Filter>
    </ClInclude>
    <ClInclude Include="..\blocks\Cinder-Bullet3D\src\BulletPhysics\BulletCollision\NarrowPhaseCollision\btManifoldPoint.h">
      <Filter>Source Files\blocks\Cinder-Bullet3D\BulletPhysics\BulletCollision\NarrowPhaseCollision</Filter>
    </ClInclude>
    <ClInclude Include="..\blocks\Cinder-Bullet3D\src\BulletPhysics\BulletCollision\NarrowPhaseCollision\btMinkowskiPenetrationDepthSolver.h">
      <Filter>Source Files\blocks\Cinder-Bullet3D\BulletPhysics\BulletCollision\NarrowPhaseCollision</Filter>
    </ClInclude>
    <ClInclude Include="..\blocks\Cinder-Bullet3D\src\BulletPhysics\BulletCollision\NarrowPhaseCollision\btMprPenetration.h">
      <Filter>Source Files\blocks\Cinder-Bullet3D\BulletPhysics\BulletCollision\NarrowPhaseCollision</Filter>
    </ClInclude>
    <ClInclude Include="..\blocks\Cinder-Bullet3D\src\BulletPhysics\BulletCollision\NarrowPhaseCollision\btPersistentManifold.h">
      <Filter>Source Files\blocks\Cinder-Bullet3D\BulletPhysics\BulletCollision\NarrowPhaseCollision</Filter>
    </ClInclude>
    <ClInclude Include="..\blocks\Cinder-Bullet3D\src\BulletPhysics\BulletCollision\NarrowPhaseCollision\btPointCollector.h">
      <Filter>Source Files\blocks\Cinder-Bullet3D\BulletPhysics\BulletCollision\NarrowPhaseCollision</Filter>
    </ClInclude>
    <ClInclude Include="..\blocks\Cinder-Bullet3D\src\BulletPhysics\BulletCollision\NarrowPhaseCollision\btPolyhedralContactClipping.h">
      <Filter>Source Files\blocks\Cinder-Bullet3D\BulletPhysics\BulletCollision\NarrowPhaseCollision</Filter>
    </ClInclude>
    <ClInclude Include="..\blocks\Cinder-Bullet3D\src\BulletPhysics\BulletCollision\NarrowPhaseCollision\btRaycastCallback.h">
      <Filter>Source Files\blocks\Cinder-Bullet3D\BulletPhysics\BulletCollision\NarrowPhaseCollision</Filter>
    </ClInclude>
    <ClInclude Include="..\blocks\Cinder-Bullet3D\src\BulletPhysics\BulletCollision\NarrowPhaseCollision\btSimplexSolverInterface.h">
      <Filter>Source Files\blocks\Cinder-Bullet3D\BulletPhysics\BulletCollision\NarrowPhaseCollision</Filter>
    </ClInclude>
    <ClInclude Include="..\blocks\Cinder-Bullet3D\src\BulletPhysics\BulletCollision\NarrowPhaseCollision\btSubSimplexConvexCast.h">
      <Filter>Source Files\blocks\Cinder-Bullet3D\BulletPhysics\BulletCollision\NarrowPhaseCollision</Filter>
    </ClInclude>
    <ClInclude Include="..\blocks\Cinder-Bullet3D\src\BulletPhysics\BulletCollision\NarrowPhaseCollision\btVoronoiSimplexSolver.h">
      <Filter>Source Files\blocks\Cinder-Bullet3D\BulletPhysics\BulletCollision\NarrowPhaseCollision</Filter>
    </ClInclude>
    <ClInclude Include="..\blocks\Cinder-Bullet3D\src\BulletPhysics\BulletDynamics\Character\btCharacterControllerInterface.h">
      <Filter>Source Files\blocks\Cinder-Bullet3D\BulletPhysics\BulletDynamics\Character</Filter>
    </ClInclude>
    <ClInclude Include="..\blocks\Cinder-Bullet3D\src\BulletPhysics\BulletDynamics\Character\btKinematicCharacterController.h">
      <Filter>Source Files\blocks\Cinder-Bullet3D\BulletPhysics\BulletDynamics\Character</Filter>
    </ClInclude>
    <ClInclude Include="..\blocks\Cinder-Bullet3D\src\BulletPhysics\BulletDynamics\ConstraintSolver\btConeTwistConstraint.h">
      <Filter>Source Files\blocks\Cinder-Bullet3D\BulletPhysics\BulletDynamics\ConstraintSolver</Filter>
    </ClInclude>
    <ClInclude Include="..\blocks\Cinder-Bullet3D\src\BulletPhysics\BulletDynamics\ConstraintSolver\btConstraintSolver.h">
      <Filter>Source Files\blocks\Cinder-Bullet3D\BulletPhysics\BulletDynamics\ConstraintSolver</Filter>
    </ClInclude>
    <ClInclude Include="..\blocks\Cinder-Bullet3D\src\BulletPhysics\BulletDynamics\ConstraintSolver\btContactConstraint.h">
      <Filter>Source Files\blocks\Cinder-Bullet3D\BulletPhysics\BulletDynamics\ConstraintSolver</Filter>
    </ClInclude>
    <ClInclude Include="..\blocks\Cinder-Bullet3D\src\BulletPhysics\BulletDynamics\ConstraintSolver\btContactSolverInfo.h">
      <Filter>Source Files\blocks\Cinder-Bullet3D\BulletPhysics\BulletDynamics\ConstraintSolver</Filter>
    </ClInclude>
    <ClInclude Include="..\blocks\Cinder-Bullet3D\src\BulletPhysics\BulletDynamics\ConstraintSolver\btFixedConstraint.h">
      <Filter>Source Files\blocks\Cinder-Bullet3D\BulletPhysics\BulletDynamics\ConstraintSolver</Filter>
    </ClInclude>
    <ClInclude Include="..\blocks\Cinder-Bullet3D\src\BulletPhysics\BulletDynamics\ConstraintSolver\btGearConstraint.h">
      <Filter>Source Files\blocks\Cinder-Bullet3D\BulletPhysics\BulletDynamics\ConstraintSolver</Filter>
    </ClInclude>
    <ClInclude Include="..\blocks\Cinder-Bullet3D\src\BulletPhysics\BulletDynamics\ConstraintSolver\btGeneric6DofConstraint.h">
      <Filter>Source Files\blocks\Cinder-Bullet3D\BulletPhysics\BulletDynamics\ConstraintSolver</Filter>
    </ClInclude>
    <ClInclude Include="..\blocks\Cinder-Bullet3D\src\BulletPhysics\BulletDynamics\ConstraintSolver\btGeneric6DofSpring2Constraint.h">
      <Filter>Source Files\blocks\Cinder-Bullet3D\BulletPhysics\BulletDynamics\ConstraintSolver</Filter>
    </ClInclude>
    <ClInclude Include="..\blocks\Cinder-Bullet3D\src\BulletPhysics\BulletDynamics\ConstraintSolver\btGeneric6DofSpringConstraint.h">
      <Filter>Source Files\blocks\Cinder-Bullet3D\BulletPhysics\BulletDynamics\ConstraintSolver</Filter>
    </ClInclude>
    <ClInclude Include="..\blocks\Cinder-Bullet3D\src\BulletPhysics\BulletDynamics\ConstraintSolver\btHinge2Constraint.h">
      <Filter>Source Files\blocks\Cinder-Bullet3D\BulletPhysics\BulletDynamics\ConstraintSolver</Filter>
    </ClInclude>
    <ClInclude Include="..\blocks\Cinder-Bullet3D\src\BulletPhysics\BulletDynamics\ConstraintSolver\btHingeConstraint.h">
      <Filter>Source Files\blocks\Cinder-Bullet3D\BulletPhysics\BulletDynamics\ConstraintSolver</Filter>
    </ClInclude>
    <ClInclude Include="..\blocks\Cinder-Bullet3D\src\BulletPhysics\BulletDynamics\ConstraintSolver\btJacobianEntry.h">
      <Filter>Source Files\blocks\Cinder-Bullet3D\BulletPhysics\BulletDynamics\ConstraintSolver</Filter>
    </ClInclude>
    <ClInclude Include="..\blocks\Cinder-Bullet3D\src\BulletPhysics\BulletDynamics\ConstraintSolver\btNNCGConstraintSolver.h">
      <Filter>Source Files\blocks\Cinder-Bullet3D\BulletPhysics\BulletDynamics\ConstraintSolver</Filter>
    </ClInclude>
    <ClInclude Include="..\blocks\Cinder-Bullet3D\src\BulletPhysics\BulletDynamics\ConstraintSolver\btPoint2PointConstraint.h">
      <Filter>Source Files\blocks\Cinder-Bullet3D\BulletPhysics\BulletDynamics\ConstraintSolver</Filter>
    </ClInclude>
    <ClInclude Include="..\blocks\Cinder-Bullet3D\src\BulletPhysics\BulletDynamics\ConstraintSolver\btSequentialImpulseConstraintSolver.h">
      <Filter>Source Files\blocks\Cinder-Bullet3D\BulletPhysics\BulletDynamics\ConstraintSolver</Filter>
    </ClInclude>
    <ClInclude Include="..\blocks\Cinder-Bullet3D\src\BulletPhysics\BulletDynamics\ConstraintSolver\btSliderConstraint.h">
      <Filter>Source Files\blocks\Cinder-Bullet3D\BulletPhysics\BulletDynamics\ConstraintSolver</Filter>
    </ClInclude>
    <ClInclude Include="..\blocks\Cinder-Bullet3D\src\BulletPhysics\BulletDynamics\ConstraintSolver\btSolve2LinearConstraint.h">
      <Filter>Source Files\blocks\Cinder-Bullet3D\BulletPhysics\BulletDynamics\ConstraintSolver</Filter>
    </ClInclude>
    <ClInclude Include="..\blocks\Cinder-Bullet3D\src\BulletPhysics\BulletDynamics\ConstraintSolver\btSolverBody.h">
      <Filter>Source Files\blocks\Cinder-Bullet3D\BulletPhysics\BulletDynamics\ConstraintSolver</Filter>
    </ClInclude>
    <ClInclude Include="..\blocks\Cinder-Bullet3D\src\BulletPhysics\BulletDynamics\ConstraintSolver\btSolverConstraint.h">
      <Filter>Source Files\blocks\Cinder-Bullet3D\BulletPhysics\BulletDynamics\ConstraintSolver</Filter>
    </ClInclude>
    <ClInclude Include="..\blocks\Cinder-Bullet3D\src\BulletPhysics\BulletDynamics\ConstraintSolver\btTypedConstraint.h">
      <Filter>Source Files\blocks\Cinder-Bullet3D\BulletPhysics\BulletDynamics\ConstraintSolver</Filter>
    </ClInclude>
    <ClInclude Include="..\blocks\Cinder-Bullet3D\src\BulletPhysics\BulletDynamics\ConstraintSolver\btUniversalConstraint.h">
      <Filter>Source Files\blocks\Cinder-Bullet3D\BulletPhysics\BulletDynamics\ConstraintSolver</Filter>
    </ClInclude>
    <ClInclude Include="..\blocks\Cinder-Bullet3D\src\BulletPhysics\BulletDynamics\Dynamics\btActionInterface.h">
      <Filter>Source Files\blocks\Cinder-Bullet3D\BulletPhysics\BulletDynamics\Dynamics</Filter>
    </ClInclude>
    <ClInclude Include="..\blocks\Cinder-Bullet3D\src\BulletPhysics\BulletDynamics\Dynamics\btDiscreteDynamicsWorld.h">
      <Filter>Source Files\blocks\Cinder-Bullet3D\BulletPhysics\BulletDynamics\Dynamics</Filter>
    </ClInclude>
    <ClInclude Include="..\blocks\Cinder-Bullet3D\src\BulletPhysics\BulletDynamics\Dynamics\btDynamicsWorld.h">
      <Filter>Source Files\blocks\Cinder-Bullet3D\BulletPhysics\BulletDynamics\Dynamics</Filter>
    </ClInclude>
    <ClInclude Include="..\blocks\Cinder-Bullet3D\src\BulletPhysics\BulletDynamics\Dynamics\btRigidBody.h">
      <Filter>Source Files\blocks\Cinder-Bullet3D\BulletPhysics\BulletDynamics\Dynamics</Filter>
    </ClInclude>
    <ClInclude Include="..\blocks\Cinder-Bullet3D\src\BulletPhysics\BulletDynamics\Dynamics\btSimpleDynamicsWorld.h">
      <Filter>Source Files\blocks\Cinder-Bullet3D\BulletPhysics\BulletDynamics\Dynamics</Filter>
    </ClInclude>
    <ClInclude Include="..\blocks\Cinder-Bullet3D\src\BulletPhysics\BulletDynamics\Featherstone\btMultiBody.h">
      <Filter>Source Files\blocks\Cinder-Bullet3D\BulletPhysics\BulletDynamics\Featherstone</Filter>
    </ClInclude>
    <ClInclude Include="..\blocks\Cinder-Bullet3D\src\BulletPhysics\BulletDynamics\Featherstone\btMultiBodyConstraint.h">
      <Filter>Source Files\blocks\Cinder-Bullet3D\BulletPhysics\BulletDynamics\Featherstone</Filter>
    </ClInclude>
    <ClInclude Include="..\blocks\Cinder-Bullet3D\src\BulletPhysics\BulletDynamics\Featherstone\btMultiBodyConstraintSolver.h">
      <Filter>Source Files\blocks\Cinder-Bullet3D\BulletPhysics\BulletDynamics\Featherstone</Filter>
    </ClInclude>
    <ClInclude Include="..\blocks\Cinder-Bullet3D\src\BulletPhysics\BulletDynamics\Featherstone\btMultiBodyDynamicsWorld.h">
      <Filter>Source Files\blocks\Cinder-Bullet3D\BulletPhysics\BulletDynamics\Featherstone</Filter>
    </ClInclude>
    <ClInclude Include="..\blocks\Cinder-Bullet3D\src\BulletPhysics\BulletDynamics\Featherstone\btMultiBodyJointLimitConstraint.h">
      <Filter>Source Files\blocks\Cinder-Bullet3D\BulletPhysics\BulletDynamics\Featherstone</Filter>
    </ClInclude>
    <ClInclude Include="..\blocks\Cinder-Bullet3D\src\BulletPhysics\BulletDynamics\Featherstone\btMultiBodyJointMotor.h">
      <Filter>Source Files\blocks\Cinder-Bullet3D\BulletPhysics\BulletDynamics\Featherstone</Filter>
    </ClInclude>
    <ClInclude Include="..\blocks\Cinder-Bullet3D\src\BulletPhysics\BulletDynamics\Featherstone\btMultiBodyLink.h">
      <Filter>Source Files\blocks\Cinder-Bullet3D\BulletPhysics\BulletDynamics\Featherstone</Filter>
    </ClInclude>
    <ClInclude Include="..\blocks\Cinder-Bullet3D\src\BulletPhysics\BulletDynamics\Featherstone\btMultiBodyLinkCollider.h">
      <Filter>Source Files\blocks\Cinder-Bullet3D\BulletPhysics\BulletDynamics\Featherstone</Filter>
    </ClInclude>
    <ClInclude Include="..\blocks\Cinder-Bullet3D\src\BulletPhysics\BulletDynamics\Featherstone\btMultiBodyPoint2Point.h">
      <Filter>Source Files\blocks\Cinder-Bullet3D\BulletPhysics\BulletDynamics\Featherstone</Filter>
    </ClInclude>
    <ClInclude Include="..\blocks\Cinder-Bullet3D\src\BulletPhysics\BulletDynamics\Featherstone\btMultiBodySolverConstraint.h">
      <Filter>Source Files\blocks\Cinder-Bullet3D\BulletPhysics\BulletDynamics\Featherstone</Filter>
    </ClInclude>
    <ClInclude Include="..\blocks\Cinder-Bullet3D\src\BulletPhysics\BulletDynamics\MLCPSolvers\btDantzigLCP.h">
      <Filter>Source Files\blocks\Cinder-Bullet3D\BulletPhysics\BulletDynamics\MLCPSolvers</Filter>
    </ClInclude>
    <ClInclude Include="..\blocks\Cinder-Bullet3D\src\BulletPhysics\BulletDynamics\MLCPSolvers\btDantzigSolver.h">
      <Filter>Source Files\blocks\Cinder-Bullet3D\BulletPhysics\BulletDynamics\MLCPSolvers</Filter>
    </ClInclude>
    <ClInclude Include="..\blocks\Cinder-Bullet3D\src\BulletPhysics\BulletDynamics\MLCPSolvers\btLemkeAlgorithm.h">
      <Filter>Source Files\blocks\Cinder-Bullet3D\BulletPhysics\BulletDynamics\MLCPSolvers</Filter>
    </ClInclude>
    <ClInclude Include="..\blocks\Cinder-Bullet3D\src\BulletPhysics\BulletDynamics\MLCPSolvers\btLemkeSolver.h">
      <Filter>Source Files\blocks\Cinder-Bullet3D\BulletPhysics\BulletDynamics\MLCPSolvers</Filter>
    </ClInclude>
    <ClInclude Include="..\blocks\Cinder-Bullet3D\src\BulletPhysics\BulletDynamics\MLCPSolvers\btMLCPSolver.h">
      <Filter>Source Files\blocks\Cinder-Bullet3D\BulletPhysics\BulletDynamics\MLCPSolvers</Filter>
    </ClInclude>
    <ClInclude Include="..\blocks\Cinder-Bullet3D\src\BulletPhysics\BulletDynamics\MLCPSolvers\btMLCPSolverInterface.h">
      <Filter>Source Files\blocks\Cinder-Bullet3D\BulletPhysics\BulletDynamics\MLCPSolvers</Filter>
    </ClInclude>
    <ClInclude Include="..\blocks\Cinder-Bullet3D\src\BulletPhysics\BulletDynamics\MLCPSolvers\btPATHSolver.h">
      <Filter>Source Files\blocks\Cinder-Bullet3D\BulletPhysics\BulletDynamics\MLCPSolvers</Filter>
    </ClInclude>
    <ClInclude Include="..\blocks\Cinder-Bullet3D\src\BulletPhysics\BulletDynamics\MLCPSolvers\btSolveProjectedGaussSeidel.h">
      <Filter>Source Files\blocks\Cinder-Bullet3D\BulletPhysics\BulletDynamics\MLCPSolvers</Filter>
    </ClInclude>
    <ClInclude Include="..\blocks\Cinder-Bullet3D\src\BulletPhysics\BulletDynamics\Vehicle\btRaycastVehicle.h">
      <Filter>Source Files\blocks\Cinder-Bullet3D\BulletPhysics\BulletDynamics\Vehicle</Filter>
    </ClInclude>
    <ClInclude Include="..\blocks\Cinder-Bullet3D\src\BulletPhysics\BulletDynamics\Vehicle\btVehicleRaycaster.h">
      <Filter>Source Files\blocks\Cinder-Bullet3D\BulletPhysics\BulletDynamics\Vehicle</Filter>
    </ClInclude>
    <ClInclude Include="..\blocks\Cinder-Bullet3D\src\BulletPhysics\BulletDynamics\Vehicle\btWheelInfo.h">
      <Filter>Source Files\blocks\Cinder-Bullet3D\BulletPhysics\BulletDynamics\Vehicle</Filter>
    </ClInclude>
  </ItemGroup>
  <ItemGroup>
    <ResourceCompile Include="Resources.rc">
      <Filter>Resource Files</Filter>
    </ResourceCompile>
  </ItemGroup>
  <ItemGroup>
    <None Include="..\assets\shaders\particle_fragment.glsl">
      <Filter>Source Files\shaders</Filter>
    </None>
    <None Include="..\assets\shaders\particle_vertex.glsl">
      <Filter>Source Files\shaders</Filter>
    </None>
    <None Include="..\assets\shaders\pointcloud_fragment.glsl">
      <Filter>Source Files\shaders</Filter>
    </None>
    <None Include="..\assets\shaders\pointcloud_vertex.glsl">
      <Filter>Source Files\shaders</Filter>
    </None>
    <None Include="..\assets\shaders\skybox_fragment.glsl">
      <Filter>Source Files\shaders</Filter>
    </None>
    <None Include="..\assets\shaders\skybox_vertex.glsl">
      <Filter>Source Files\shaders</Filter>
    </None>
    <None Include="..\assets\shaders\blur_fragment.glsl">
      <Filter>Source Files\shaders</Filter>
    </None>
    <None Include="..\assets\shaders\blur_vertex.glsl">
      <Filter>Source Files\shaders</Filter>
    </None>
  </ItemGroup>
</Project>